// !$*UTF8*$!
{
	archiveVersion = 1;
	classes = {
	};
	objectVersion = 46;
	objects = {

/* Begin PBXBuildFile section */
		80DB7D9B1918BBF2007BD221 /* bg_shadow@2x.png in Resources */ = {isa = PBXBuildFile; fileRef = 80DB7D8E1918BBF2007BD221 /* bg_shadow@2x.png */; };
		80DB7D9E1918BBF2007BD221 /* dropshadow_bottom.png in Resources */ = {isa = PBXBuildFile; fileRef = 80DB7D911918BBF2007BD221 /* dropshadow_bottom.png */; };
		80DB7D9F1918BBF2007BD221 /* dropshadow_top.png in Resources */ = {isa = PBXBuildFile; fileRef = 80DB7D921918BBF2007BD221 /* dropshadow_top.png */; };
		80DB7DA01918BBF2007BD221 /* Grey_Bubble.png in Resources */ = {isa = PBXBuildFile; fileRef = 80DB7D931918BBF2007BD221 /* Grey_Bubble.png */; };
		80DB7DA21918BBF2007BD221 /* Login_btn_normal@2x.png in Resources */ = {isa = PBXBuildFile; fileRef = 80DB7D951918BBF2007BD221 /* Login_btn_normal@2x.png */; };
		80DB7DA31918BBF2007BD221 /* Login_btn_pressed@2x.png in Resources */ = {isa = PBXBuildFile; fileRef = 80DB7D961918BBF2007BD221 /* Login_btn_pressed@2x.png */; };
		80DB7DA41918BBF2007BD221 /* logo-297x142@2x.png in Resources */ = {isa = PBXBuildFile; fileRef = 80DB7D971918BBF2007BD221 /* logo-297x142@2x.png */; };
		80DB7DA51918BBF2007BD221 /* Purple_bubble@2x.png in Resources */ = {isa = PBXBuildFile; fileRef = 80DB7D981918BBF2007BD221 /* Purple_bubble@2x.png */; };
		80DB7DA61918BBF2007BD221 /* send_button_normal@2x.png in Resources */ = {isa = PBXBuildFile; fileRef = 80DB7D991918BBF2007BD221 /* send_button_normal@2x.png */; };
		80DB7DA71918BBF2007BD221 /* send_button_pressed@2x.png in Resources */ = {isa = PBXBuildFile; fileRef = 80DB7D9A1918BBF2007BD221 /* send_button_pressed@2x.png */; };
		9008EEBA1910CE6600753FA8 /* LoginViewController.m in Sources */ = {isa = PBXBuildFile; fileRef = 9008EEB91910CE6600753FA8 /* LoginViewController.m */; };
		906933741861FE470036DB57 /* main.m in Sources */ = {isa = PBXBuildFile; fileRef = 906933731861FE470036DB57 /* main.m */; };
		906933761861FE960036DB57 /* AppDelegate.m in Sources */ = {isa = PBXBuildFile; fileRef = 906933751861FE960036DB57 /* AppDelegate.m */; };
		90E3BB771862004A00A44E1C /* MainStoryBoard.storyboard in Resources */ = {isa = PBXBuildFile; fileRef = 90E3BB761862004A00A44E1C /* MainStoryBoard.storyboard */; };
		90E90720187D52F700E1E98F /* IncomingMessageCell.xib in Resources */ = {isa = PBXBuildFile; fileRef = 90E9071E187D52F700E1E98F /* IncomingMessageCell.xib */; };
		90E90728187D530100E1E98F /* MessageTableViewCell.m in Sources */ = {isa = PBXBuildFile; fileRef = 90E90725187D530100E1E98F /* MessageTableViewCell.m */; };
		90E90729187D530100E1E98F /* OutgoingMessageCell.xib in Resources */ = {isa = PBXBuildFile; fileRef = 90E90726187D530100E1E98F /* OutgoingMessageCell.xib */; };
		90FD14101863182C0075C90E /* Images.xcassets in Resources */ = {isa = PBXBuildFile; fileRef = 90FD140F1863182C0075C90E /* Images.xcassets */; };
		94077AD6195C37F900B202E7 /* Sinch.framework in Frameworks */ = {isa = PBXBuildFile; fileRef = 94077AD5195C37F900B202E7 /* Sinch.framework */; };
		CF04B59817BBD35F00026D30 /* libsqlite3.dylib in Frameworks */ = {isa = PBXBuildFile; fileRef = CF04B59717BBD35F00026D30 /* libsqlite3.dylib */; };
		CF0C0BAD1668C5CF00ABA260 /* AppDelegate+UI.m in Sources */ = {isa = PBXBuildFile; fileRef = CF0C0BAC1668C5CF00ABA260 /* AppDelegate+UI.m */; };
		CF2B327A1664EF6A0024D977 /* UIKit.framework in Frameworks */ = {isa = PBXBuildFile; fileRef = CF2B32791664EF6A0024D977 /* UIKit.framework */; };
		CF2B327C1664EF6A0024D977 /* Foundation.framework in Frameworks */ = {isa = PBXBuildFile; fileRef = CF2B327B1664EF6A0024D977 /* Foundation.framework */; };
		CF2B327E1664EF6A0024D977 /* AVFoundation.framework in Frameworks */ = {isa = PBXBuildFile; fileRef = CF2B327D1664EF6A0024D977 /* AVFoundation.framework */; };
		CF2B32801664EF6A0024D977 /* AudioToolbox.framework in Frameworks */ = {isa = PBXBuildFile; fileRef = CF2B327F1664EF6A0024D977 /* AudioToolbox.framework */; };
		CF2B32821664EF6A0024D977 /* Security.framework in Frameworks */ = {isa = PBXBuildFile; fileRef = CF2B32811664EF6A0024D977 /* Security.framework */; };
		CF2B32A21664EF6A0024D977 /* MainViewController.m in Sources */ = {isa = PBXBuildFile; fileRef = CF2B32A11664EF6A0024D977 /* MainViewController.m */; };
		CF534B6B166F827400B384DA /* SystemConfiguration.framework in Frameworks */ = {isa = PBXBuildFile; fileRef = CF534B67166F823C00B384DA /* SystemConfiguration.framework */; };
		CF742B6C16681EE400D9897B /* MainViewController+UI.m in Sources */ = {isa = PBXBuildFile; fileRef = CF742B6B16681EE400D9897B /* MainViewController+UI.m */; };
		CF816CCB166D5FF400FEF7D2 /* CoreGraphics.framework in Frameworks */ = {isa = PBXBuildFile; fileRef = CF816CCA166D5FF400FEF7D2 /* CoreGraphics.framework */; };
		CFC738A61918D386000D466A /* PaddedTextField.m in Sources */ = {isa = PBXBuildFile; fileRef = CFC738A51918D386000D466A /* PaddedTextField.m */; };
/* End PBXBuildFile section */

/* Begin PBXFileReference section */
		80DB7D8E1918BBF2007BD221 /* bg_shadow@2x.png */ = {isa = PBXFileReference; lastKnownFileType = image.png; name = "bg_shadow@2x.png"; path = "SinchIM/Resources/bg_shadow@2x.png"; sourceTree = "<group>"; };
		80DB7D911918BBF2007BD221 /* dropshadow_bottom.png */ = {isa = PBXFileReference; lastKnownFileType = image.png; name = dropshadow_bottom.png; path = SinchIM/Resources/dropshadow_bottom.png; sourceTree = "<group>"; };
		80DB7D921918BBF2007BD221 /* dropshadow_top.png */ = {isa = PBXFileReference; lastKnownFileType = image.png; name = dropshadow_top.png; path = SinchIM/Resources/dropshadow_top.png; sourceTree = "<group>"; };
		80DB7D931918BBF2007BD221 /* Grey_Bubble.png */ = {isa = PBXFileReference; lastKnownFileType = image.png; name = Grey_Bubble.png; path = SinchIM/Resources/Grey_Bubble.png; sourceTree = "<group>"; };
		80DB7D951918BBF2007BD221 /* Login_btn_normal@2x.png */ = {isa = PBXFileReference; lastKnownFileType = image.png; name = "Login_btn_normal@2x.png"; path = "SinchIM/Resources/Login_btn_normal@2x.png"; sourceTree = "<group>"; };
		80DB7D961918BBF2007BD221 /* Login_btn_pressed@2x.png */ = {isa = PBXFileReference; lastKnownFileType = image.png; name = "Login_btn_pressed@2x.png"; path = "SinchIM/Resources/Login_btn_pressed@2x.png"; sourceTree = "<group>"; };
		80DB7D971918BBF2007BD221 /* logo-297x142@2x.png */ = {isa = PBXFileReference; lastKnownFileType = image.png; name = "logo-297x142@2x.png"; path = "SinchIM/Resources/logo-297x142@2x.png"; sourceTree = "<group>"; };
		80DB7D981918BBF2007BD221 /* Purple_bubble@2x.png */ = {isa = PBXFileReference; lastKnownFileType = image.png; name = "Purple_bubble@2x.png"; path = "SinchIM/Resources/Purple_bubble@2x.png"; sourceTree = "<group>"; };
		80DB7D991918BBF2007BD221 /* send_button_normal@2x.png */ = {isa = PBXFileReference; lastKnownFileType = image.png; name = "send_button_normal@2x.png"; path = "SinchIM/Resources/send_button_normal@2x.png"; sourceTree = "<group>"; };
		80DB7D9A1918BBF2007BD221 /* send_button_pressed@2x.png */ = {isa = PBXFileReference; lastKnownFileType = image.png; name = "send_button_pressed@2x.png"; path = "SinchIM/Resources/send_button_pressed@2x.png"; sourceTree = "<group>"; };
		9008EEB81910CE6600753FA8 /* LoginViewController.h */ = {isa = PBXFileReference; fileEncoding = 4; lastKnownFileType = sourcecode.c.h; name = LoginViewController.h; path = SinchIM/LoginViewController.h; sourceTree = "<group>"; };
		9008EEB91910CE6600753FA8 /* LoginViewController.m */ = {isa = PBXFileReference; fileEncoding = 4; lastKnownFileType = sourcecode.c.objc; name = LoginViewController.m; path = SinchIM/LoginViewController.m; sourceTree = "<group>"; };
		906933731861FE470036DB57 /* main.m */ = {isa = PBXFileReference; fileEncoding = 4; lastKnownFileType = sourcecode.c.objc; name = main.m; path = SinchIM/main.m; sourceTree = SOURCE_ROOT; };
		906933751861FE960036DB57 /* AppDelegate.m */ = {isa = PBXFileReference; fileEncoding = 4; lastKnownFileType = sourcecode.c.objc; name = AppDelegate.m; path = SinchIM/AppDelegate.m; sourceTree = SOURCE_ROOT; };
		90E3BB761862004A00A44E1C /* MainStoryBoard.storyboard */ = {isa = PBXFileReference; fileEncoding = 4; lastKnownFileType = file.storyboard; name = MainStoryBoard.storyboard; path = SinchIM/MainStoryBoard.storyboard; sourceTree = "<group>"; };
		90E9071E187D52F700E1E98F /* IncomingMessageCell.xib */ = {isa = PBXFileReference; fileEncoding = 4; lastKnownFileType = file.xib; name = IncomingMessageCell.xib; path = SinchIM/IncomingMessageCell.xib; sourceTree = "<group>"; };
		90E90724187D530100E1E98F /* MessageTableViewCell.h */ = {isa = PBXFileReference; fileEncoding = 4; lastKnownFileType = sourcecode.c.h; name = MessageTableViewCell.h; path = SinchIM/MessageTableViewCell.h; sourceTree = "<group>"; };
		90E90725187D530100E1E98F /* MessageTableViewCell.m */ = {isa = PBXFileReference; fileEncoding = 4; lastKnownFileType = sourcecode.c.objc; name = MessageTableViewCell.m; path = SinchIM/MessageTableViewCell.m; sourceTree = "<group>"; };
		90E90726187D530100E1E98F /* OutgoingMessageCell.xib */ = {isa = PBXFileReference; fileEncoding = 4; lastKnownFileType = file.xib; name = OutgoingMessageCell.xib; path = SinchIM/OutgoingMessageCell.xib; sourceTree = "<group>"; };
		90FD140F1863182C0075C90E /* Images.xcassets */ = {isa = PBXFileReference; lastKnownFileType = folder.assetcatalog; name = Images.xcassets; path = SinchIM/Images.xcassets; sourceTree = "<group>"; };
		94077AD5195C37F900B202E7 /* Sinch.framework */ = {isa = PBXFileReference; lastKnownFileType = wrapper.framework; path = Sinch.framework; sourceTree = "<group>"; };
		CF04B59717BBD35F00026D30 /* libsqlite3.dylib */ = {isa = PBXFileReference; lastKnownFileType = "compiled.mach-o.dylib"; name = libsqlite3.dylib; path = usr/lib/libsqlite3.dylib; sourceTree = SDKROOT; };
		CF0C0BAB1668C5CF00ABA260 /* AppDelegate+UI.h */ = {isa = PBXFileReference; fileEncoding = 4; lastKnownFileType = sourcecode.c.h; name = "AppDelegate+UI.h"; path = "SinchIM/AppDelegate+UI.h"; sourceTree = "<group>"; };
		CF0C0BAC1668C5CF00ABA260 /* AppDelegate+UI.m */ = {isa = PBXFileReference; fileEncoding = 4; lastKnownFileType = sourcecode.c.objc; name = "AppDelegate+UI.m"; path = "SinchIM/AppDelegate+UI.m"; sourceTree = "<group>"; };
		CF2B32751664EF6A0024D977 /* SinchIM.app */ = {isa = PBXFileReference; explicitFileType = wrapper.application; includeInIndex = 0; path = SinchIM.app; sourceTree = BUILT_PRODUCTS_DIR; };
		CF2B32791664EF6A0024D977 /* UIKit.framework */ = {isa = PBXFileReference; lastKnownFileType = wrapper.framework; name = UIKit.framework; path = System/Library/Frameworks/UIKit.framework; sourceTree = SDKROOT; };
		CF2B327B1664EF6A0024D977 /* Foundation.framework */ = {isa = PBXFileReference; lastKnownFileType = wrapper.framework; name = Foundation.framework; path = System/Library/Frameworks/Foundation.framework; sourceTree = SDKROOT; };
		CF2B327D1664EF6A0024D977 /* AVFoundation.framework */ = {isa = PBXFileReference; lastKnownFileType = wrapper.framework; name = AVFoundation.framework; path = System/Library/Frameworks/AVFoundation.framework; sourceTree = SDKROOT; };
		CF2B327F1664EF6A0024D977 /* AudioToolbox.framework */ = {isa = PBXFileReference; lastKnownFileType = wrapper.framework; name = AudioToolbox.framework; path = System/Library/Frameworks/AudioToolbox.framework; sourceTree = SDKROOT; };
		CF2B32811664EF6A0024D977 /* Security.framework */ = {isa = PBXFileReference; lastKnownFileType = wrapper.framework; name = Security.framework; path = System/Library/Frameworks/Security.framework; sourceTree = SDKROOT; };
		CF2B329A1664EF6A0024D977 /* Prefix.pch */ = {isa = PBXFileReference; lastKnownFileType = sourcecode.c.h; name = Prefix.pch; path = SinchIM/Prefix.pch; sourceTree = "<group>"; };
		CF2B329D1664EF6A0024D977 /* AppDelegate.h */ = {isa = PBXFileReference; lastKnownFileType = sourcecode.c.h; name = AppDelegate.h; path = SinchIM/AppDelegate.h; sourceTree = "<group>"; };
		CF2B32A01664EF6A0024D977 /* MainViewController.h */ = {isa = PBXFileReference; lastKnownFileType = sourcecode.c.h; name = MainViewController.h; path = SinchIM/MainViewController.h; sourceTree = "<group>"; };
		CF2B32A11664EF6A0024D977 /* MainViewController.m */ = {isa = PBXFileReference; lastKnownFileType = sourcecode.c.objc; name = MainViewController.m; path = SinchIM/MainViewController.m; sourceTree = "<group>"; };
		CF2B32A51664EF6A0024D977 /* Info.plist */ = {isa = PBXFileReference; lastKnownFileType = text.plist.xml; name = Info.plist; path = SinchIM/Resources/Info.plist; sourceTree = "<group>"; };
		CF534B67166F823C00B384DA /* SystemConfiguration.framework */ = {isa = PBXFileReference; lastKnownFileType = wrapper.framework; name = SystemConfiguration.framework; path = System/Library/Frameworks/SystemConfiguration.framework; sourceTree = SDKROOT; };
		CF534B69166F825B00B384DA /* CFNetwork.framework */ = {isa = PBXFileReference; lastKnownFileType = wrapper.framework; name = CFNetwork.framework; path = System/Library/Frameworks/CFNetwork.framework; sourceTree = SDKROOT; };
		CF742B6B16681EE400D9897B /* MainViewController+UI.m */ = {isa = PBXFileReference; fileEncoding = 4; lastKnownFileType = sourcecode.c.objc; name = "MainViewController+UI.m"; path = "SinchIM/MainViewController+UI.m"; sourceTree = "<group>"; };
		CF816CCA166D5FF400FEF7D2 /* CoreGraphics.framework */ = {isa = PBXFileReference; lastKnownFileType = wrapper.framework; name = CoreGraphics.framework; path = System/Library/Frameworks/CoreGraphics.framework; sourceTree = SDKROOT; };
		CFC738A41918D386000D466A /* PaddedTextField.h */ = {isa = PBXFileReference; fileEncoding = 4; lastKnownFileType = sourcecode.c.h; name = PaddedTextField.h; path = SinchIM/PaddedTextField.h; sourceTree = "<group>"; };
		CFC738A51918D386000D466A /* PaddedTextField.m */ = {isa = PBXFileReference; fileEncoding = 4; lastKnownFileType = sourcecode.c.objc; name = PaddedTextField.m; path = SinchIM/PaddedTextField.m; sourceTree = "<group>"; };
/* End PBXFileReference section */

/* Begin PBXFrameworksBuildPhase section */
		CF2B32721664EF6A0024D977 /* Frameworks */ = {
			isa = PBXFrameworksBuildPhase;
			buildActionMask = 2147483647;
			files = (
				CF04B59817BBD35F00026D30 /* libsqlite3.dylib in Frameworks */,
				CF534B6B166F827400B384DA /* SystemConfiguration.framework in Frameworks */,
				CF2B327A1664EF6A0024D977 /* UIKit.framework in Frameworks */,
				CF2B327C1664EF6A0024D977 /* Foundation.framework in Frameworks */,
				CF2B327E1664EF6A0024D977 /* AVFoundation.framework in Frameworks */,
				CF2B32801664EF6A0024D977 /* AudioToolbox.framework in Frameworks */,
				CF2B32821664EF6A0024D977 /* Security.framework in Frameworks */,
				94077AD6195C37F900B202E7 /* Sinch.framework in Frameworks */,
				CF816CCB166D5FF400FEF7D2 /* CoreGraphics.framework in Frameworks */,
			);
			runOnlyForDeploymentPostprocessing = 0;
		};
/* End PBXFrameworksBuildPhase section */

/* Begin PBXGroup section */
		CF2B326A1664EF6A0024D977 = {
			isa = PBXGroup;
			children = (
				CF2B32831664EF6A0024D977 /* SinchIM */,
				CF2B32781664EF6A0024D977 /* Frameworks */,
				CF2B32761664EF6A0024D977 /* Products */,
			);
			indentWidth = 4;
			sourceTree = "<group>";
			tabWidth = 4;
			usesTabs = 0;
		};
		CF2B32761664EF6A0024D977 /* Products */ = {
			isa = PBXGroup;
			children = (
				CF2B32751664EF6A0024D977 /* SinchIM.app */,
			);
			name = Products;
			sourceTree = "<group>";
		};
		CF2B32781664EF6A0024D977 /* Frameworks */ = {
			isa = PBXGroup;
			children = (
				94077AD5195C37F900B202E7 /* Sinch.framework */,
				CF04B59717BBD35F00026D30 /* libsqlite3.dylib */,
				CF2B32791664EF6A0024D977 /* UIKit.framework */,
				CF2B327B1664EF6A0024D977 /* Foundation.framework */,
				CF2B327D1664EF6A0024D977 /* AVFoundation.framework */,
				CF816CCA166D5FF400FEF7D2 /* CoreGraphics.framework */,
				CF2B327F1664EF6A0024D977 /* AudioToolbox.framework */,
				CF534B69166F825B00B384DA /* CFNetwork.framework */,
				CF534B67166F823C00B384DA /* SystemConfiguration.framework */,
				CF2B32811664EF6A0024D977 /* Security.framework */,
			);
			name = Frameworks;
			sourceTree = "<group>";
		};
		CF2B32831664EF6A0024D977 /* SinchIM */ = {
			isa = PBXGroup;
			children = (
				906933751861FE960036DB57 /* AppDelegate.m */,
				CF2B329D1664EF6A0024D977 /* AppDelegate.h */,
				9008EEB81910CE6600753FA8 /* LoginViewController.h */,
				9008EEB91910CE6600753FA8 /* LoginViewController.m */,
				CF2B32A01664EF6A0024D977 /* MainViewController.h */,
				CF2B32A11664EF6A0024D977 /* MainViewController.m */,
				90E90724187D530100E1E98F /* MessageTableViewCell.h */,
				90E90725187D530100E1E98F /* MessageTableViewCell.m */,
				CFAE8CDE17CCB003006BDD66 /* UI extras */,
				CF2B32841664EF6A0024D977 /* Resources */,
				90FD140F1863182C0075C90E /* Images.xcassets */,
				CF2B32991664EF6A0024D977 /* Supporting Files */,
			);
			name = SinchIM;
			sourceTree = "<group>";
		};
		CF2B32841664EF6A0024D977 /* Resources */ = {
			isa = PBXGroup;
			children = (
				90E90726187D530100E1E98F /* OutgoingMessageCell.xib */,
				90E9071E187D52F700E1E98F /* IncomingMessageCell.xib */,
				90E3BB761862004A00A44E1C /* MainStoryBoard.storyboard */,
				CF2B32A51664EF6A0024D977 /* Info.plist */,
				CF2B32F41665076A0024D977 /* images */,
			);
			name = Resources;
			sourceTree = "<group>";
		};
		CF2B32991664EF6A0024D977 /* Supporting Files */ = {
			isa = PBXGroup;
			children = (
				906933731861FE470036DB57 /* main.m */,
				CF2B329A1664EF6A0024D977 /* Prefix.pch */,
			);
			name = "Supporting Files";
			sourceTree = "<group>";
		};
		CF2B32F41665076A0024D977 /* images */ = {
			isa = PBXGroup;
			children = (
				80DB7D8E1918BBF2007BD221 /* bg_shadow@2x.png */,
				80DB7D911918BBF2007BD221 /* dropshadow_bottom.png */,
				80DB7D921918BBF2007BD221 /* dropshadow_top.png */,
				80DB7D931918BBF2007BD221 /* Grey_Bubble.png */,
				80DB7D951918BBF2007BD221 /* Login_btn_normal@2x.png */,
				80DB7D961918BBF2007BD221 /* Login_btn_pressed@2x.png */,
				80DB7D971918BBF2007BD221 /* logo-297x142@2x.png */,
				80DB7D981918BBF2007BD221 /* Purple_bubble@2x.png */,
				80DB7D991918BBF2007BD221 /* send_button_normal@2x.png */,
				80DB7D9A1918BBF2007BD221 /* send_button_pressed@2x.png */,
			);
			name = images;
			sourceTree = "<group>";
		};
		CFAE8CDE17CCB003006BDD66 /* UI extras */ = {
			isa = PBXGroup;
			children = (
				CF742B6B16681EE400D9897B /* MainViewController+UI.m */,
				CF0C0BAB1668C5CF00ABA260 /* AppDelegate+UI.h */,
				CF0C0BAC1668C5CF00ABA260 /* AppDelegate+UI.m */,
				CFC738A41918D386000D466A /* PaddedTextField.h */,
				CFC738A51918D386000D466A /* PaddedTextField.m */,
			);
			name = "UI extras";
			sourceTree = "<group>";
		};
/* End PBXGroup section */

/* Begin PBXNativeTarget section */
		CF2B32741664EF6A0024D977 /* SinchIM */ = {
			isa = PBXNativeTarget;
			buildConfigurationList = CF2B32A81664EF6A0024D977 /* Build configuration list for PBXNativeTarget "SinchIM" */;
			buildPhases = (
				CF2B32711664EF6A0024D977 /* Sources */,
				CF2B32721664EF6A0024D977 /* Frameworks */,
				CF2B32731664EF6A0024D977 /* Resources */,
			);
			buildRules = (
			);
			dependencies = (
			);
			name = SinchIM;
			productName = SinchHelloIM;
			productReference = CF2B32751664EF6A0024D977 /* SinchIM.app */;
			productType = "com.apple.product-type.application";
		};
/* End PBXNativeTarget section */

/* Begin PBXProject section */
		CF2B326C1664EF6A0024D977 /* Project object */ = {
			isa = PBXProject;
			attributes = {
				LastUpgradeCheck = 0450;
				TargetAttributes = {
					CF2B32741664EF6A0024D977 = {
						SystemCapabilities = {
							com.apple.BackgroundModes = {
								enabled = 0;
							};
						};
					};
				};
			};
			buildConfigurationList = CF2B326F1664EF6A0024D977 /* Build configuration list for PBXProject "SinchIM" */;
			compatibilityVersion = "Xcode 3.2";
			developmentRegion = English;
			hasScannedForEncodings = 0;
			knownRegions = (
				en,
			);
			mainGroup = CF2B326A1664EF6A0024D977;
			productRefGroup = CF2B32761664EF6A0024D977 /* Products */;
			projectDirPath = "";
			projectRoot = "";
			targets = (
				CF2B32741664EF6A0024D977 /* SinchIM */,
			);
		};
/* End PBXProject section */

/* Begin PBXResourcesBuildPhase section */
		CF2B32731664EF6A0024D977 /* Resources */ = {
			isa = PBXResourcesBuildPhase;
			buildActionMask = 2147483647;
			files = (
				90E90729187D530100E1E98F /* OutgoingMessageCell.xib in Resources */,
				90E90720187D52F700E1E98F /* IncomingMessageCell.xib in Resources */,
				80DB7D9B1918BBF2007BD221 /* bg_shadow@2x.png in Resources */,
				90E3BB771862004A00A44E1C /* MainStoryBoard.storyboard in Resources */,
				80DB7DA31918BBF2007BD221 /* Login_btn_pressed@2x.png in Resources */,
				80DB7DA51918BBF2007BD221 /* Purple_bubble@2x.png in Resources */,
				80DB7DA71918BBF2007BD221 /* send_button_pressed@2x.png in Resources */,
				80DB7D9F1918BBF2007BD221 /* dropshadow_top.png in Resources */,
				80DB7DA21918BBF2007BD221 /* Login_btn_normal@2x.png in Resources */,
				90FD14101863182C0075C90E /* Images.xcassets in Resources */,
				80DB7DA01918BBF2007BD221 /* Grey_Bubble.png in Resources */,
				80DB7D9E1918BBF2007BD221 /* dropshadow_bottom.png in Resources */,
				80DB7DA61918BBF2007BD221 /* send_button_normal@2x.png in Resources */,
				80DB7DA41918BBF2007BD221 /* logo-297x142@2x.png in Resources */,
			);
			runOnlyForDeploymentPostprocessing = 0;
		};
/* End PBXResourcesBuildPhase section */

/* Begin PBXSourcesBuildPhase section */
		CF2B32711664EF6A0024D977 /* Sources */ = {
			isa = PBXSourcesBuildPhase;
			buildActionMask = 2147483647;
			files = (
				CF2B32A21664EF6A0024D977 /* MainViewController.m in Sources */,
				90E90728187D530100E1E98F /* MessageTableViewCell.m in Sources */,
				CF742B6C16681EE400D9897B /* MainViewController+UI.m in Sources */,
				906933761861FE960036DB57 /* AppDelegate.m in Sources */,
				9008EEBA1910CE6600753FA8 /* LoginViewController.m in Sources */,
				906933741861FE470036DB57 /* main.m in Sources */,
				CF0C0BAD1668C5CF00ABA260 /* AppDelegate+UI.m in Sources */,
				CFC738A61918D386000D466A /* PaddedTextField.m in Sources */,
			);
			runOnlyForDeploymentPostprocessing = 0;
		};
/* End PBXSourcesBuildPhase section */

/* Begin XCBuildConfiguration section */
		CF2B32A61664EF6A0024D977 /* Debug */ = {
			isa = XCBuildConfiguration;
			buildSettings = {
				ARCHS_STANDARD = "armv7 armv7s";
				CLANG_ENABLE_OBJC_ARC = YES;
				"CODE_SIGN_IDENTITY[sdk=iphoneos*]" = "iPhone Developer";
				GCC_OPTIMIZATION_LEVEL = 0;
				GCC_PREPROCESSOR_DEFINITIONS = DEBUG;
				GCC_SYMBOLS_PRIVATE_EXTERN = NO;
				IPHONEOS_DEPLOYMENT_TARGET = 7.0;
				ONLY_ACTIVE_ARCH = YES;
				SDKROOT = iphoneos;
			};
			name = Debug;
		};
		CF2B32A71664EF6A0024D977 /* Release */ = {
			isa = XCBuildConfiguration;
			buildSettings = {
				ARCHS_STANDARD = "armv7 armv7s";
				CLANG_ENABLE_OBJC_ARC = YES;
				"CODE_SIGN_IDENTITY[sdk=iphoneos*]" = "iPhone Developer";
				GCC_PREPROCESSOR_DEFINITIONS = (
					NDEBUG,
					"NS_BLOCK_ASSERTIONS=1",
				);
				IPHONEOS_DEPLOYMENT_TARGET = 7.0;
				SDKROOT = iphoneos;
			};
			name = Release;
		};
		CF2B32A91664EF6A0024D977 /* Debug */ = {
			isa = XCBuildConfiguration;
			buildSettings = {
				ALWAYS_SEARCH_USER_PATHS = NO;
				ASSETCATALOG_COMPILER_APPICON_NAME = AppIcon;
				ASSETCATALOG_COMPILER_LAUNCHIMAGE_NAME = LaunchImage;
				COPY_PHASE_STRIP = NO;
				FRAMEWORK_SEARCH_PATHS = (
					"$(inherited)",
					"\"$(SRCROOT)/..\"",
					"$(PROJECT_DIR)",
				);
				GCC_DYNAMIC_NO_PIC = NO;
				GCC_PRECOMPILE_PREFIX_HEADER = YES;
				GCC_PREFIX_HEADER = SinchIM/Prefix.pch;
				HEADER_SEARCH_PATHS = "";
				INFOPLIST_FILE = "$(SRCROOT)/SinchIM/Resources/Info.plist";
				IPHONEOS_DEPLOYMENT_TARGET = 7.0;
				LIBRARY_SEARCH_PATHS = "$(inherited)";
				OTHER_LDFLAGS = (
					"-ObjC",
					"-Xlinker",
					"-lstdc++",
				);
				PRODUCT_NAME = SinchIM;
				WRAPPER_EXTENSION = app;
			};
			name = Debug;
		};
		CF2B32AA1664EF6A0024D977 /* Release */ = {
			isa = XCBuildConfiguration;
			buildSettings = {
				ALWAYS_SEARCH_USER_PATHS = NO;
				ASSETCATALOG_COMPILER_APPICON_NAME = AppIcon;
				ASSETCATALOG_COMPILER_LAUNCHIMAGE_NAME = LaunchImage;
				COPY_PHASE_STRIP = YES;
				FRAMEWORK_SEARCH_PATHS = (
					"$(inherited)",
					"\"$(SRCROOT)/..\"",
					"$(PROJECT_DIR)",
				);
				GCC_PRECOMPILE_PREFIX_HEADER = YES;
				GCC_PREFIX_HEADER = SinchIM/Prefix.pch;
				HEADER_SEARCH_PATHS = "";
				INFOPLIST_FILE = "$(SRCROOT)/SinchIM/Resources/Info.plist";
				IPHONEOS_DEPLOYMENT_TARGET = 7.0;
				LIBRARY_SEARCH_PATHS = "$(inherited)";
				OTHER_LDFLAGS = (
					"-ObjC",
					"-Xlinker",
					"-lstdc++",
				);
				PRODUCT_NAME = SinchIM;
				WRAPPER_EXTENSION = app;
			};
			name = Release;
		};
/* End XCBuildConfiguration section */

/* Begin XCConfigurationList section */
		CF2B326F1664EF6A0024D977 /* Build configuration list for PBXProject "SinchIM" */ = {
			isa = XCConfigurationList;
			buildConfigurations = (
				CF2B32A61664EF6A0024D977 /* Debug */,
				CF2B32A71664EF6A0024D977 /* Release */,
			);
			defaultConfigurationIsVisible = 0;
			defaultConfigurationName = Release;
		};
		CF2B32A81664EF6A0024D977 /* Build configuration list for PBXNativeTarget "SinchIM" */ = {
			isa = XCConfigurationList;
			buildConfigurations = (
				CF2B32A91664EF6A0024D977 /* Debug */,
				CF2B32AA1664EF6A0024D977 /* Release */,
			);
			defaultConfigurationIsVisible = 0;
			defaultConfigurationName = Release;
		};
/* End XCConfigurationList section */
	};
	rootObject = CF2B326C1664EF6A0024D977 /* Project object */;
}
