// !$*UTF8*$!
{
	archiveVersion = 1;
	classes = {
	};
	objectVersion = 46;
	objects = {

/* Begin PBXBuildFile section */
		80DB7D9B1918BBF2007BD221 /* bg_shadow@2x.png in Resources */ = {isa = PBXBuildFile; fileRef = 80DB7D8E1918BBF2007BD221 /* bg_shadow@2x.png */; };
		80DB7D9E1918BBF2007BD221 /* dropshadow_bottom.png in Resources */ = {isa = PBXBuildFile; fileRef = 80DB7D911918BBF2007BD221 /* dropshadow_bottom.png */; };
		80DB7D9F1918BBF2007BD221 /* dropshadow_top.png in Resources */ = {isa = PBXBuildFile; fileRef = 80DB7D921918BBF2007BD221 /* dropshadow_top.png */; };
		80DB7DA01918BBF2007BD221 /* Grey_Bubble.png in Resources */ = {isa = PBXBuildFile; fileRef = 80DB7D931918BBF2007BD221 /* Grey_Bubble.png */; };
		80DB7DA21918BBF2007BD221 /* Login_btn_normal@2x.png in Resources */ = {isa = PBXBuildFile; fileRef = 80DB7D951918BBF2007BD221 /* Login_btn_normal@2x.png */; };
		80DB7DA31918BBF2007BD221 /* Login_btn_pressed@2x.png in Resources */ = {isa = PBXBuildFile; fileRef = 80DB7D961918BBF2007BD221 /* Login_btn_pressed@2x.png */; };
		80DB7DA41918BBF2007BD221 /* logo-297x142@2x.png in Resources */ = {isa = PBXBuildFile; fileRef = 80DB7D971918BBF2007BD221 /* logo-297x142@2x.png */; };
		80DB7DA51918BBF2007BD221 /* Purple_bubble@2x.png in Resources */ = {isa = PBXBuildFile; fileRef = 80DB7D981918BBF2007BD221 /* Purple_bubble@2x.png */; };
		80DB7DA61918BBF2007BD221 /* send_button_normal@2x.png in Resources */ = {isa = PBXBuildFile; fileRef = 80DB7D991918BBF2007BD221 /* send_button_normal@2x.png */; };
		80DB7DA71918BBF2007BD221 /* send_button_pressed@2x.png in Resources */ = {isa = PBXBuildFile; fileRef = 80DB7D9A1918BBF2007BD221 /* send_button_pressed@2x.png */; };
		9008EEBA1910CE6600753FA8 /* LoginViewController.m in Sources */ = {isa = PBXBuildFile; fileRef = 9008EEB91910CE6600753FA8 /* LoginViewController.m */; };
		906933741861FE470036DB57 /* main.m in Sources */ = {isa = PBXBuildFile; fileRef = 906933731861FE470036DB57 /* main.m */; };
		906933761861FE960036DB57 /* AppDelegate.m in Sources */ = {isa = PBXBuildFile; fileRef = 906933751861FE960036DB57 /* AppDelegate.m */; };
		90E3BB771862004A00A44E1C /* MainStoryBoard.storyboard in Resources */ = {isa = PBXBuildFile; fileRef = 90E3BB761862004A00A44E1C /* MainStoryBoard.storyboard */; };
		90E90720187D52F700E1E98F /* IncomingMessageCell.xib in Resources */ = {isa = PBXBuildFile; fileRef = 90E9071E187D52F700E1E98F /* IncomingMessageCell.xib */; };
		90E90728187D530100E1E98F /* MessageTableViewCell.m in Sources */ = {isa = PBXBuildFile; fileRef = 90E90725187D530100E1E98F /* MessageTableViewCell.m */; };
		90E90729187D530100E1E98F /* OutgoingMessageCell.xib in Resources */ = {isa = PBXBuildFile; fileRef = 90E90726187D530100E1E98F /* OutgoingMessageCell.xib */; };
		90FD14101863182C0075C90E /* Images.xcassets in Resources */ = {isa = PBXBuildFile; fileRef = 90FD140F1863182C0075C90E /* Images.xcassets */; };
		94077AD6195C37F900B202E7 /* Sinch.framework in Frameworks */ = {isa = PBXBuildFile; fileRef = 94077AD5195C37F900B202E7 /* Sinch.framework */; };
		94077AD9195C3D5700B202E7 /* GCPlaceholderTextView.m in Sources */ = {isa = PBXBuildFile; fileRef = 94077AD8195C3D5700B202E7 /* GCPlaceholderTextView.m */; };
		94077B28195C420400B202E7 /* Aniways.framework in Frameworks */ = {isa = PBXBuildFile; fileRef = 94077ADB195C420400B202E7 /* Aniways.framework */; };
		94077B29195C420400B202E7 /* aniways_ebp_bg_n_tab.png in Resources */ = {isa = PBXBuildFile; fileRef = 94077ADD195C420400B202E7 /* aniways_ebp_bg_n_tab.png */; };
		94077B2A195C420400B202E7 /* aniways_ebp_bg_n_tab@2x.png in Resources */ = {isa = PBXBuildFile; fileRef = 94077ADE195C420400B202E7 /* aniways_ebp_bg_n_tab@2x.png */; };
		94077B2B195C420400B202E7 /* aniways_ebp_bg_s_tab.png in Resources */ = {isa = PBXBuildFile; fileRef = 94077ADF195C420400B202E7 /* aniways_ebp_bg_s_tab.png */; };
		94077B2C195C420400B202E7 /* aniways_ebp_bg_s_tab@2x.png in Resources */ = {isa = PBXBuildFile; fileRef = 94077AE0195C420400B202E7 /* aniways_ebp_bg_s_tab@2x.png */; };
		94077B2D195C420400B202E7 /* aniways_ebp_bg_seperator.png in Resources */ = {isa = PBXBuildFile; fileRef = 94077AE1195C420400B202E7 /* aniways_ebp_bg_seperator.png */; };
		94077B2E195C420400B202E7 /* aniways_ebp_bg_seperator@2x.png in Resources */ = {isa = PBXBuildFile; fileRef = 94077AE2195C420400B202E7 /* aniways_ebp_bg_seperator@2x.png */; };
		94077B2F195C420400B202E7 /* AniwaysConfiguration.plist in Resources */ = {isa = PBXBuildFile; fileRef = 94077AE3195C420400B202E7 /* AniwaysConfiguration.plist */; };
		94077B30195C420400B202E7 /* AniwaysInternalConfiguration.plist in Resources */ = {isa = PBXBuildFile; fileRef = 94077AE4195C420400B202E7 /* AniwaysInternalConfiguration.plist */; };
		94077B31195C420400B202E7 /* cash_register.m4a in Resources */ = {isa = PBXBuildFile; fileRef = 94077AE5195C420400B202E7 /* cash_register.m4a */; };
		94077B32195C420400B202E7 /* coin_lock.png in Resources */ = {isa = PBXBuildFile; fileRef = 94077AE6195C420400B202E7 /* coin_lock.png */; };
		94077B33195C420400B202E7 /* coin_lock@2x.png in Resources */ = {isa = PBXBuildFile; fileRef = 94077AE7195C420400B202E7 /* coin_lock@2x.png */; };
		94077B34195C420400B202E7 /* coins.100.png in Resources */ = {isa = PBXBuildFile; fileRef = 94077AE8195C420400B202E7 /* coins.100.png */; };
		94077B35195C420400B202E7 /* coins.1000.png in Resources */ = {isa = PBXBuildFile; fileRef = 94077AE9195C420400B202E7 /* coins.1000.png */; };
		94077B36195C420400B202E7 /* coins.1000@2x.png in Resources */ = {isa = PBXBuildFile; fileRef = 94077AEA195C420400B202E7 /* coins.1000@2x.png */; };
		94077B37195C420400B202E7 /* coins.100@2x.png in Resources */ = {isa = PBXBuildFile; fileRef = 94077AEB195C420400B202E7 /* coins.100@2x.png */; };
		94077B38195C420400B202E7 /* coins.2000.png in Resources */ = {isa = PBXBuildFile; fileRef = 94077AEC195C420400B202E7 /* coins.2000.png */; };
		94077B39195C420400B202E7 /* coins.2000@2x.png in Resources */ = {isa = PBXBuildFile; fileRef = 94077AED195C420400B202E7 /* coins.2000@2x.png */; };
		94077B3A195C420400B202E7 /* coins.250.png in Resources */ = {isa = PBXBuildFile; fileRef = 94077AEE195C420400B202E7 /* coins.250.png */; };
		94077B3B195C420400B202E7 /* coins.250@2x.png in Resources */ = {isa = PBXBuildFile; fileRef = 94077AEF195C420400B202E7 /* coins.250@2x.png */; };
		94077B3C195C420400B202E7 /* coins.3000.png in Resources */ = {isa = PBXBuildFile; fileRef = 94077AF0195C420400B202E7 /* coins.3000.png */; };
		94077B3D195C420400B202E7 /* coins.3000@2x.png in Resources */ = {isa = PBXBuildFile; fileRef = 94077AF1195C420400B202E7 /* coins.3000@2x.png */; };
		94077B3E195C420400B202E7 /* coins.500.png in Resources */ = {isa = PBXBuildFile; fileRef = 94077AF2195C420400B202E7 /* coins.500.png */; };
		94077B3F195C420400B202E7 /* coins.500@2x.png in Resources */ = {isa = PBXBuildFile; fileRef = 94077AF3195C420400B202E7 /* coins.500@2x.png */; };
		94077B40195C420400B202E7 /* n_aniways_ebp_accessories_button.png in Resources */ = {isa = PBXBuildFile; fileRef = 94077AF4195C420400B202E7 /* n_aniways_ebp_accessories_button.png */; };
		94077B41195C420400B202E7 /* n_aniways_ebp_accessories_button@2x.png in Resources */ = {isa = PBXBuildFile; fileRef = 94077AF5195C420400B202E7 /* n_aniways_ebp_accessories_button@2x.png */; };
		94077B42195C420400B202E7 /* n_aniways_ebp_backspace_button.png in Resources */ = {isa = PBXBuildFile; fileRef = 94077AF6195C420400B202E7 /* n_aniways_ebp_backspace_button.png */; };
		94077B43195C420400B202E7 /* n_aniways_ebp_backspace_button@2x.png in Resources */ = {isa = PBXBuildFile; fileRef = 94077AF7195C420400B202E7 /* n_aniways_ebp_backspace_button@2x.png */; };
		94077B44195C420400B202E7 /* n_aniways_ebp_brands_button.png in Resources */ = {isa = PBXBuildFile; fileRef = 94077AF8195C420400B202E7 /* n_aniways_ebp_brands_button.png */; };
		94077B45195C420400B202E7 /* n_aniways_ebp_brands_button@2x.png in Resources */ = {isa = PBXBuildFile; fileRef = 94077AF9195C420400B202E7 /* n_aniways_ebp_brands_button@2x.png */; };
		94077B46195C420400B202E7 /* n_aniways_ebp_food_and_drinks_button.png in Resources */ = {isa = PBXBuildFile; fileRef = 94077AFA195C420400B202E7 /* n_aniways_ebp_food_and_drinks_button.png */; };
		94077B47195C420400B202E7 /* n_aniways_ebp_food_and_drinks_button@2x.png in Resources */ = {isa = PBXBuildFile; fileRef = 94077AFB195C420400B202E7 /* n_aniways_ebp_food_and_drinks_button@2x.png */; };
		94077B48195C420400B202E7 /* n_aniways_ebp_nature_button.png in Resources */ = {isa = PBXBuildFile; fileRef = 94077AFC195C420400B202E7 /* n_aniways_ebp_nature_button.png */; };
		94077B49195C420400B202E7 /* n_aniways_ebp_nature_button@2x.png in Resources */ = {isa = PBXBuildFile; fileRef = 94077AFD195C420400B202E7 /* n_aniways_ebp_nature_button@2x.png */; };
		94077B4A195C420400B202E7 /* n_aniways_ebp_recent_button.png in Resources */ = {isa = PBXBuildFile; fileRef = 94077AFE195C420400B202E7 /* n_aniways_ebp_recent_button.png */; };
		94077B4B195C420400B202E7 /* n_aniways_ebp_recent_button@2x.png in Resources */ = {isa = PBXBuildFile; fileRef = 94077AFF195C420400B202E7 /* n_aniways_ebp_recent_button@2x.png */; };
		94077B4C195C420400B202E7 /* n_aniways_ebp_smileys_button.png in Resources */ = {isa = PBXBuildFile; fileRef = 94077B00195C420400B202E7 /* n_aniways_ebp_smileys_button.png */; };
		94077B4D195C420400B202E7 /* n_aniways_ebp_smileys_button@2x.png in Resources */ = {isa = PBXBuildFile; fileRef = 94077B01195C420400B202E7 /* n_aniways_ebp_smileys_button@2x.png */; };
		94077B4E195C420400B202E7 /* n_aniways_ebp_transportation_button.png in Resources */ = {isa = PBXBuildFile; fileRef = 94077B02195C420400B202E7 /* n_aniways_ebp_transportation_button.png */; };
		94077B4F195C420400B202E7 /* n_aniways_ebp_transportation_button@2x.png in Resources */ = {isa = PBXBuildFile; fileRef = 94077B03195C420400B202E7 /* n_aniways_ebp_transportation_button@2x.png */; };
		94077B50195C420400B202E7 /* popup_coins_balance.png in Resources */ = {isa = PBXBuildFile; fileRef = 94077B04195C420400B202E7 /* popup_coins_balance.png */; };
		94077B51195C420400B202E7 /* popup_coins_balance@2x.png in Resources */ = {isa = PBXBuildFile; fileRef = 94077B05195C420400B202E7 /* popup_coins_balance@2x.png */; };
		94077B52195C420400B202E7 /* s_aniways_ebp_accessories_button.png in Resources */ = {isa = PBXBuildFile; fileRef = 94077B06195C420400B202E7 /* s_aniways_ebp_accessories_button.png */; };
		94077B53195C420400B202E7 /* s_aniways_ebp_accessories_button@2x.png in Resources */ = {isa = PBXBuildFile; fileRef = 94077B07195C420400B202E7 /* s_aniways_ebp_accessories_button@2x.png */; };
		94077B54195C420400B202E7 /* s_aniways_ebp_backspace_button.png in Resources */ = {isa = PBXBuildFile; fileRef = 94077B08195C420400B202E7 /* s_aniways_ebp_backspace_button.png */; };
		94077B55195C420400B202E7 /* s_aniways_ebp_backspace_button@2x.png in Resources */ = {isa = PBXBuildFile; fileRef = 94077B09195C420400B202E7 /* s_aniways_ebp_backspace_button@2x.png */; };
		94077B56195C420400B202E7 /* s_aniways_ebp_brands_button.png in Resources */ = {isa = PBXBuildFile; fileRef = 94077B0A195C420400B202E7 /* s_aniways_ebp_brands_button.png */; };
		94077B57195C420400B202E7 /* s_aniways_ebp_brands_button@2x.png in Resources */ = {isa = PBXBuildFile; fileRef = 94077B0B195C420400B202E7 /* s_aniways_ebp_brands_button@2x.png */; };
		94077B58195C420400B202E7 /* s_aniways_ebp_food_and_drinks_button.png in Resources */ = {isa = PBXBuildFile; fileRef = 94077B0C195C420400B202E7 /* s_aniways_ebp_food_and_drinks_button.png */; };
		94077B59195C420400B202E7 /* s_aniways_ebp_food_and_drinks_button@2x.png in Resources */ = {isa = PBXBuildFile; fileRef = 94077B0D195C420400B202E7 /* s_aniways_ebp_food_and_drinks_button@2x.png */; };
		94077B5A195C420400B202E7 /* s_aniways_ebp_nature_button.png in Resources */ = {isa = PBXBuildFile; fileRef = 94077B0E195C420400B202E7 /* s_aniways_ebp_nature_button.png */; };
		94077B5B195C420400B202E7 /* s_aniways_ebp_nature_button@2x.png in Resources */ = {isa = PBXBuildFile; fileRef = 94077B0F195C420400B202E7 /* s_aniways_ebp_nature_button@2x.png */; };
		94077B5C195C420400B202E7 /* s_aniways_ebp_recent_button.png in Resources */ = {isa = PBXBuildFile; fileRef = 94077B10195C420400B202E7 /* s_aniways_ebp_recent_button.png */; };
		94077B5D195C420400B202E7 /* s_aniways_ebp_recent_button@2x.png in Resources */ = {isa = PBXBuildFile; fileRef = 94077B11195C420400B202E7 /* s_aniways_ebp_recent_button@2x.png */; };
		94077B5E195C420400B202E7 /* s_aniways_ebp_smileys_button.png in Resources */ = {isa = PBXBuildFile; fileRef = 94077B12195C420400B202E7 /* s_aniways_ebp_smileys_button.png */; };
		94077B5F195C420400B202E7 /* s_aniways_ebp_smileys_button@2x.png in Resources */ = {isa = PBXBuildFile; fileRef = 94077B13195C420400B202E7 /* s_aniways_ebp_smileys_button@2x.png */; };
		94077B60195C420400B202E7 /* s_aniways_ebp_transportation_button.png in Resources */ = {isa = PBXBuildFile; fileRef = 94077B14195C420400B202E7 /* s_aniways_ebp_transportation_button.png */; };
		94077B61195C420400B202E7 /* s_aniways_ebp_transportation_button@2x.png in Resources */ = {isa = PBXBuildFile; fileRef = 94077B15195C420400B202E7 /* s_aniways_ebp_transportation_button@2x.png */; };
		94077B62195C420400B202E7 /* store_landscape_bg.png in Resources */ = {isa = PBXBuildFile; fileRef = 94077B16195C420400B202E7 /* store_landscape_bg.png */; };
		94077B63195C420400B202E7 /* store_landscape_bg@2x.png in Resources */ = {isa = PBXBuildFile; fileRef = 94077B17195C420400B202E7 /* store_landscape_bg@2x.png */; };
		94077B64195C420400B202E7 /* store_portrait_bg.png in Resources */ = {isa = PBXBuildFile; fileRef = 94077B18195C420400B202E7 /* store_portrait_bg.png */; };
		94077B65195C420400B202E7 /* store_portrait_bg@2x.png in Resources */ = {isa = PBXBuildFile; fileRef = 94077B19195C420400B202E7 /* store_portrait_bg@2x.png */; };
		94077B66195C420400B202E7 /* store_x.png in Resources */ = {isa = PBXBuildFile; fileRef = 94077B1A195C420400B202E7 /* store_x.png */; };
		94077B67195C420400B202E7 /* store_x@2x.png in Resources */ = {isa = PBXBuildFile; fileRef = 94077B1B195C420400B202E7 /* store_x@2x.png */; };
		94077B68195C420400B202E7 /* tutorial_bottom_left.png in Resources */ = {isa = PBXBuildFile; fileRef = 94077B1C195C420400B202E7 /* tutorial_bottom_left.png */; };
		94077B69195C420400B202E7 /* tutorial_bottom_left@2x.png in Resources */ = {isa = PBXBuildFile; fileRef = 94077B1D195C420400B202E7 /* tutorial_bottom_left@2x.png */; };
		94077B6A195C420400B202E7 /* tutorial_bottom_right.png in Resources */ = {isa = PBXBuildFile; fileRef = 94077B1E195C420400B202E7 /* tutorial_bottom_right.png */; };
		94077B6B195C420400B202E7 /* tutorial_bottom_right@2x.png in Resources */ = {isa = PBXBuildFile; fileRef = 94077B1F195C420400B202E7 /* tutorial_bottom_right@2x.png */; };
		94077B6C195C420400B202E7 /* tutorial_top_left.png in Resources */ = {isa = PBXBuildFile; fileRef = 94077B20195C420400B202E7 /* tutorial_top_left.png */; };
		94077B6D195C420400B202E7 /* tutorial_top_left@2x.png in Resources */ = {isa = PBXBuildFile; fileRef = 94077B21195C420400B202E7 /* tutorial_top_left@2x.png */; };
		94077B6E195C420400B202E7 /* tutorial_top_right.png in Resources */ = {isa = PBXBuildFile; fileRef = 94077B22195C420400B202E7 /* tutorial_top_right.png */; };
		94077B6F195C420400B202E7 /* tutorial_top_right@2x.png in Resources */ = {isa = PBXBuildFile; fileRef = 94077B23195C420400B202E7 /* tutorial_top_right@2x.png */; };
		94077B70195C420400B202E7 /* tutorial_x.png in Resources */ = {isa = PBXBuildFile; fileRef = 94077B24195C420400B202E7 /* tutorial_x.png */; };
		94077B71195C420400B202E7 /* tutorial_x@2x.png in Resources */ = {isa = PBXBuildFile; fileRef = 94077B25195C420400B202E7 /* tutorial_x@2x.png */; };
		94077B72195C420400B202E7 /* tutorial_x_no_border@2x.png in Resources */ = {isa = PBXBuildFile; fileRef = 94077B26195C420400B202E7 /* tutorial_x_no_border@2x.png */; };
		94077B73195C420400B202E7 /* unlock.m4a in Resources */ = {isa = PBXBuildFile; fileRef = 94077B27195C420400B202E7 /* unlock.m4a */; };
		94077B75195C422500B202E7 /* QuartzCore.framework in Frameworks */ = {isa = PBXBuildFile; fileRef = 94077B74195C422500B202E7 /* QuartzCore.framework */; };
		94077B77195C423000B202E7 /* Accelerate.framework in Frameworks */ = {isa = PBXBuildFile; fileRef = 94077B76195C423000B202E7 /* Accelerate.framework */; };
		94077B79195C424200B202E7 /* libz.dylib in Frameworks */ = {isa = PBXBuildFile; fileRef = 94077B78195C424200B202E7 /* libz.dylib */; };
		94077B7B195C424D00B202E7 /* CoreLocation.framework in Frameworks */ = {isa = PBXBuildFile; fileRef = 94077B7A195C424D00B202E7 /* CoreLocation.framework */; };
		94077B7C195C425400B202E7 /* CFNetwork.framework in Frameworks */ = {isa = PBXBuildFile; fileRef = CF534B69166F825B00B384DA /* CFNetwork.framework */; };
		94077B7E195C427100B202E7 /* MobileCoreServices.framework in Frameworks */ = {isa = PBXBuildFile; fileRef = 94077B7D195C427100B202E7 /* MobileCoreServices.framework */; };
		94077B80195C43C600B202E7 /* StoreKit.framework in Frameworks */ = {isa = PBXBuildFile; fileRef = 94077B7F195C43C600B202E7 /* StoreKit.framework */; };
		94077B82195C43DE00B202E7 /* CoreTelephony.framework in Frameworks */ = {isa = PBXBuildFile; fileRef = 94077B81195C43DE00B202E7 /* CoreTelephony.framework */; };
		94077B85195C4CEC00B202E7 /* keyboard_icon_button@2x.png in Resources */ = {isa = PBXBuildFile; fileRef = 94077B83195C4CEC00B202E7 /* keyboard_icon_button@2x.png */; };
		94077B86195C4CEC00B202E7 /* smiley_icons_button@2x.png in Resources */ = {isa = PBXBuildFile; fileRef = 94077B84195C4CEC00B202E7 /* smiley_icons_button@2x.png */; };
		CF04B59817BBD35F00026D30 /* libsqlite3.dylib in Frameworks */ = {isa = PBXBuildFile; fileRef = CF04B59717BBD35F00026D30 /* libsqlite3.dylib */; };
		CF0C0BAD1668C5CF00ABA260 /* AppDelegate+UI.m in Sources */ = {isa = PBXBuildFile; fileRef = CF0C0BAC1668C5CF00ABA260 /* AppDelegate+UI.m */; };
		CF2B327A1664EF6A0024D977 /* UIKit.framework in Frameworks */ = {isa = PBXBuildFile; fileRef = CF2B32791664EF6A0024D977 /* UIKit.framework */; };
		CF2B327C1664EF6A0024D977 /* Foundation.framework in Frameworks */ = {isa = PBXBuildFile; fileRef = CF2B327B1664EF6A0024D977 /* Foundation.framework */; };
		CF2B327E1664EF6A0024D977 /* AVFoundation.framework in Frameworks */ = {isa = PBXBuildFile; fileRef = CF2B327D1664EF6A0024D977 /* AVFoundation.framework */; };
		CF2B32801664EF6A0024D977 /* AudioToolbox.framework in Frameworks */ = {isa = PBXBuildFile; fileRef = CF2B327F1664EF6A0024D977 /* AudioToolbox.framework */; };
		CF2B32821664EF6A0024D977 /* Security.framework in Frameworks */ = {isa = PBXBuildFile; fileRef = CF2B32811664EF6A0024D977 /* Security.framework */; };
		CF2B32A21664EF6A0024D977 /* MainViewController.m in Sources */ = {isa = PBXBuildFile; fileRef = CF2B32A11664EF6A0024D977 /* MainViewController.m */; };
		CF534B6B166F827400B384DA /* SystemConfiguration.framework in Frameworks */ = {isa = PBXBuildFile; fileRef = CF534B67166F823C00B384DA /* SystemConfiguration.framework */; };
		CF742B6C16681EE400D9897B /* MainViewController+UI.m in Sources */ = {isa = PBXBuildFile; fileRef = CF742B6B16681EE400D9897B /* MainViewController+UI.m */; };
		CF816CCB166D5FF400FEF7D2 /* CoreGraphics.framework in Frameworks */ = {isa = PBXBuildFile; fileRef = CF816CCA166D5FF400FEF7D2 /* CoreGraphics.framework */; };
/* End PBXBuildFile section */

/* Begin PBXFileReference section */
		80DB7D8E1918BBF2007BD221 /* bg_shadow@2x.png */ = {isa = PBXFileReference; lastKnownFileType = image.png; name = "bg_shadow@2x.png"; path = "SinchIM/Resources/bg_shadow@2x.png"; sourceTree = "<group>"; };
		80DB7D911918BBF2007BD221 /* dropshadow_bottom.png */ = {isa = PBXFileReference; lastKnownFileType = image.png; name = dropshadow_bottom.png; path = SinchIM/Resources/dropshadow_bottom.png; sourceTree = "<group>"; };
		80DB7D921918BBF2007BD221 /* dropshadow_top.png */ = {isa = PBXFileReference; lastKnownFileType = image.png; name = dropshadow_top.png; path = SinchIM/Resources/dropshadow_top.png; sourceTree = "<group>"; };
		80DB7D931918BBF2007BD221 /* Grey_Bubble.png */ = {isa = PBXFileReference; lastKnownFileType = image.png; name = Grey_Bubble.png; path = SinchIM/Resources/Grey_Bubble.png; sourceTree = "<group>"; };
		80DB7D951918BBF2007BD221 /* Login_btn_normal@2x.png */ = {isa = PBXFileReference; lastKnownFileType = image.png; name = "Login_btn_normal@2x.png"; path = "SinchIM/Resources/Login_btn_normal@2x.png"; sourceTree = "<group>"; };
		80DB7D961918BBF2007BD221 /* Login_btn_pressed@2x.png */ = {isa = PBXFileReference; lastKnownFileType = image.png; name = "Login_btn_pressed@2x.png"; path = "SinchIM/Resources/Login_btn_pressed@2x.png"; sourceTree = "<group>"; };
		80DB7D971918BBF2007BD221 /* logo-297x142@2x.png */ = {isa = PBXFileReference; lastKnownFileType = image.png; name = "logo-297x142@2x.png"; path = "SinchIM/Resources/logo-297x142@2x.png"; sourceTree = "<group>"; };
		80DB7D981918BBF2007BD221 /* Purple_bubble@2x.png */ = {isa = PBXFileReference; lastKnownFileType = image.png; name = "Purple_bubble@2x.png"; path = "SinchIM/Resources/Purple_bubble@2x.png"; sourceTree = "<group>"; };
		80DB7D991918BBF2007BD221 /* send_button_normal@2x.png */ = {isa = PBXFileReference; lastKnownFileType = image.png; name = "send_button_normal@2x.png"; path = "SinchIM/Resources/send_button_normal@2x.png"; sourceTree = "<group>"; };
		80DB7D9A1918BBF2007BD221 /* send_button_pressed@2x.png */ = {isa = PBXFileReference; lastKnownFileType = image.png; name = "send_button_pressed@2x.png"; path = "SinchIM/Resources/send_button_pressed@2x.png"; sourceTree = "<group>"; };
		9008EEB81910CE6600753FA8 /* LoginViewController.h */ = {isa = PBXFileReference; fileEncoding = 4; lastKnownFileType = sourcecode.c.h; name = LoginViewController.h; path = SinchIM/LoginViewController.h; sourceTree = "<group>"; };
		9008EEB91910CE6600753FA8 /* LoginViewController.m */ = {isa = PBXFileReference; fileEncoding = 4; lastKnownFileType = sourcecode.c.objc; name = LoginViewController.m; path = SinchIM/LoginViewController.m; sourceTree = "<group>"; };
		906933731861FE470036DB57 /* main.m */ = {isa = PBXFileReference; fileEncoding = 4; lastKnownFileType = sourcecode.c.objc; name = main.m; path = SinchIM/main.m; sourceTree = SOURCE_ROOT; };
		906933751861FE960036DB57 /* AppDelegate.m */ = {isa = PBXFileReference; fileEncoding = 4; lastKnownFileType = sourcecode.c.objc; name = AppDelegate.m; path = SinchIM/AppDelegate.m; sourceTree = SOURCE_ROOT; };
		90E3BB761862004A00A44E1C /* MainStoryBoard.storyboard */ = {isa = PBXFileReference; fileEncoding = 4; lastKnownFileType = file.storyboard; name = MainStoryBoard.storyboard; path = SinchIM/MainStoryBoard.storyboard; sourceTree = "<group>"; };
		90E9071E187D52F700E1E98F /* IncomingMessageCell.xib */ = {isa = PBXFileReference; fileEncoding = 4; lastKnownFileType = file.xib; name = IncomingMessageCell.xib; path = SinchIM/IncomingMessageCell.xib; sourceTree = "<group>"; };
		90E90724187D530100E1E98F /* MessageTableViewCell.h */ = {isa = PBXFileReference; fileEncoding = 4; lastKnownFileType = sourcecode.c.h; name = MessageTableViewCell.h; path = SinchIM/MessageTableViewCell.h; sourceTree = "<group>"; };
		90E90725187D530100E1E98F /* MessageTableViewCell.m */ = {isa = PBXFileReference; fileEncoding = 4; lastKnownFileType = sourcecode.c.objc; name = MessageTableViewCell.m; path = SinchIM/MessageTableViewCell.m; sourceTree = "<group>"; };
		90E90726187D530100E1E98F /* OutgoingMessageCell.xib */ = {isa = PBXFileReference; fileEncoding = 4; lastKnownFileType = file.xib; name = OutgoingMessageCell.xib; path = SinchIM/OutgoingMessageCell.xib; sourceTree = "<group>"; };
		90FD140F1863182C0075C90E /* Images.xcassets */ = {isa = PBXFileReference; lastKnownFileType = folder.assetcatalog; name = Images.xcassets; path = SinchIM/Images.xcassets; sourceTree = "<group>"; };
		94077AD5195C37F900B202E7 /* Sinch.framework */ = {isa = PBXFileReference; lastKnownFileType = wrapper.framework; path = Sinch.framework; sourceTree = "<group>"; };
		94077AD7195C3D5700B202E7 /* GCPlaceholderTextView.h */ = {isa = PBXFileReference; fileEncoding = 4; lastKnownFileType = sourcecode.c.h; name = GCPlaceholderTextView.h; path = SinchIM/GCPlaceholderTextView.h; sourceTree = "<group>"; };
		94077AD8195C3D5700B202E7 /* GCPlaceholderTextView.m */ = {isa = PBXFileReference; fileEncoding = 4; lastKnownFileType = sourcecode.c.objc; name = GCPlaceholderTextView.m; path = SinchIM/GCPlaceholderTextView.m; sourceTree = "<group>"; };
		94077ADB195C420400B202E7 /* Aniways.framework */ = {isa = PBXFileReference; lastKnownFileType = wrapper.framework; path = Aniways.framework; sourceTree = "<group>"; };
		94077ADD195C420400B202E7 /* aniways_ebp_bg_n_tab.png */ = {isa = PBXFileReference; lastKnownFileType = image.png; path = aniways_ebp_bg_n_tab.png; sourceTree = "<group>"; };
		94077ADE195C420400B202E7 /* aniways_ebp_bg_n_tab@2x.png */ = {isa = PBXFileReference; lastKnownFileType = image.png; path = "aniways_ebp_bg_n_tab@2x.png"; sourceTree = "<group>"; };
		94077ADF195C420400B202E7 /* aniways_ebp_bg_s_tab.png */ = {isa = PBXFileReference; lastKnownFileType = image.png; path = aniways_ebp_bg_s_tab.png; sourceTree = "<group>"; };
		94077AE0195C420400B202E7 /* aniways_ebp_bg_s_tab@2x.png */ = {isa = PBXFileReference; lastKnownFileType = image.png; path = "aniways_ebp_bg_s_tab@2x.png"; sourceTree = "<group>"; };
		94077AE1195C420400B202E7 /* aniways_ebp_bg_seperator.png */ = {isa = PBXFileReference; lastKnownFileType = image.png; path = aniways_ebp_bg_seperator.png; sourceTree = "<group>"; };
		94077AE2195C420400B202E7 /* aniways_ebp_bg_seperator@2x.png */ = {isa = PBXFileReference; lastKnownFileType = image.png; path = "aniways_ebp_bg_seperator@2x.png"; sourceTree = "<group>"; };
		94077AE3195C420400B202E7 /* AniwaysConfiguration.plist */ = {isa = PBXFileReference; lastKnownFileType = file.bplist; path = AniwaysConfiguration.plist; sourceTree = "<group>"; };
		94077AE4195C420400B202E7 /* AniwaysInternalConfiguration.plist */ = {isa = PBXFileReference; lastKnownFileType = file.bplist; path = AniwaysInternalConfiguration.plist; sourceTree = "<group>"; };
		94077AE5195C420400B202E7 /* cash_register.m4a */ = {isa = PBXFileReference; lastKnownFileType = file; path = cash_register.m4a; sourceTree = "<group>"; };
		94077AE6195C420400B202E7 /* coin_lock.png */ = {isa = PBXFileReference; lastKnownFileType = image.png; path = coin_lock.png; sourceTree = "<group>"; };
		94077AE7195C420400B202E7 /* coin_lock@2x.png */ = {isa = PBXFileReference; lastKnownFileType = image.png; path = "coin_lock@2x.png"; sourceTree = "<group>"; };
		94077AE8195C420400B202E7 /* coins.100.png */ = {isa = PBXFileReference; lastKnownFileType = image.png; path = coins.100.png; sourceTree = "<group>"; };
		94077AE9195C420400B202E7 /* coins.1000.png */ = {isa = PBXFileReference; lastKnownFileType = image.png; path = coins.1000.png; sourceTree = "<group>"; };
		94077AEA195C420400B202E7 /* coins.1000@2x.png */ = {isa = PBXFileReference; lastKnownFileType = image.png; path = "coins.1000@2x.png"; sourceTree = "<group>"; };
		94077AEB195C420400B202E7 /* coins.100@2x.png */ = {isa = PBXFileReference; lastKnownFileType = image.png; path = "coins.100@2x.png"; sourceTree = "<group>"; };
		94077AEC195C420400B202E7 /* coins.2000.png */ = {isa = PBXFileReference; lastKnownFileType = image.png; path = coins.2000.png; sourceTree = "<group>"; };
		94077AED195C420400B202E7 /* coins.2000@2x.png */ = {isa = PBXFileReference; lastKnownFileType = image.png; path = "coins.2000@2x.png"; sourceTree = "<group>"; };
		94077AEE195C420400B202E7 /* coins.250.png */ = {isa = PBXFileReference; lastKnownFileType = image.png; path = coins.250.png; sourceTree = "<group>"; };
		94077AEF195C420400B202E7 /* coins.250@2x.png */ = {isa = PBXFileReference; lastKnownFileType = image.png; path = "coins.250@2x.png"; sourceTree = "<group>"; };
		94077AF0195C420400B202E7 /* coins.3000.png */ = {isa = PBXFileReference; lastKnownFileType = image.png; path = coins.3000.png; sourceTree = "<group>"; };
		94077AF1195C420400B202E7 /* coins.3000@2x.png */ = {isa = PBXFileReference; lastKnownFileType = image.png; path = "coins.3000@2x.png"; sourceTree = "<group>"; };
		94077AF2195C420400B202E7 /* coins.500.png */ = {isa = PBXFileReference; lastKnownFileType = image.png; path = coins.500.png; sourceTree = "<group>"; };
		94077AF3195C420400B202E7 /* coins.500@2x.png */ = {isa = PBXFileReference; lastKnownFileType = image.png; path = "coins.500@2x.png"; sourceTree = "<group>"; };
		94077AF4195C420400B202E7 /* n_aniways_ebp_accessories_button.png */ = {isa = PBXFileReference; lastKnownFileType = image.png; path = n_aniways_ebp_accessories_button.png; sourceTree = "<group>"; };
		94077AF5195C420400B202E7 /* n_aniways_ebp_accessories_button@2x.png */ = {isa = PBXFileReference; lastKnownFileType = image.png; path = "n_aniways_ebp_accessories_button@2x.png"; sourceTree = "<group>"; };
		94077AF6195C420400B202E7 /* n_aniways_ebp_backspace_button.png */ = {isa = PBXFileReference; lastKnownFileType = image.png; path = n_aniways_ebp_backspace_button.png; sourceTree = "<group>"; };
		94077AF7195C420400B202E7 /* n_aniways_ebp_backspace_button@2x.png */ = {isa = PBXFileReference; lastKnownFileType = image.png; path = "n_aniways_ebp_backspace_button@2x.png"; sourceTree = "<group>"; };
		94077AF8195C420400B202E7 /* n_aniways_ebp_brands_button.png */ = {isa = PBXFileReference; lastKnownFileType = image.png; path = n_aniways_ebp_brands_button.png; sourceTree = "<group>"; };
		94077AF9195C420400B202E7 /* n_aniways_ebp_brands_button@2x.png */ = {isa = PBXFileReference; lastKnownFileType = image.png; path = "n_aniways_ebp_brands_button@2x.png"; sourceTree = "<group>"; };
		94077AFA195C420400B202E7 /* n_aniways_ebp_food_and_drinks_button.png */ = {isa = PBXFileReference; lastKnownFileType = image.png; path = n_aniways_ebp_food_and_drinks_button.png; sourceTree = "<group>"; };
		94077AFB195C420400B202E7 /* n_aniways_ebp_food_and_drinks_button@2x.png */ = {isa = PBXFileReference; lastKnownFileType = image.png; path = "n_aniways_ebp_food_and_drinks_button@2x.png"; sourceTree = "<group>"; };
		94077AFC195C420400B202E7 /* n_aniways_ebp_nature_button.png */ = {isa = PBXFileReference; lastKnownFileType = image.png; path = n_aniways_ebp_nature_button.png; sourceTree = "<group>"; };
		94077AFD195C420400B202E7 /* n_aniways_ebp_nature_button@2x.png */ = {isa = PBXFileReference; lastKnownFileType = image.png; path = "n_aniways_ebp_nature_button@2x.png"; sourceTree = "<group>"; };
		94077AFE195C420400B202E7 /* n_aniways_ebp_recent_button.png */ = {isa = PBXFileReference; lastKnownFileType = image.png; path = n_aniways_ebp_recent_button.png; sourceTree = "<group>"; };
		94077AFF195C420400B202E7 /* n_aniways_ebp_recent_button@2x.png */ = {isa = PBXFileReference; lastKnownFileType = image.png; path = "n_aniways_ebp_recent_button@2x.png"; sourceTree = "<group>"; };
		94077B00195C420400B202E7 /* n_aniways_ebp_smileys_button.png */ = {isa = PBXFileReference; lastKnownFileType = image.png; path = n_aniways_ebp_smileys_button.png; sourceTree = "<group>"; };
		94077B01195C420400B202E7 /* n_aniways_ebp_smileys_button@2x.png */ = {isa = PBXFileReference; lastKnownFileType = image.png; path = "n_aniways_ebp_smileys_button@2x.png"; sourceTree = "<group>"; };
		94077B02195C420400B202E7 /* n_aniways_ebp_transportation_button.png */ = {isa = PBXFileReference; lastKnownFileType = image.png; path = n_aniways_ebp_transportation_button.png; sourceTree = "<group>"; };
		94077B03195C420400B202E7 /* n_aniways_ebp_transportation_button@2x.png */ = {isa = PBXFileReference; lastKnownFileType = image.png; path = "n_aniways_ebp_transportation_button@2x.png"; sourceTree = "<group>"; };
		94077B04195C420400B202E7 /* popup_coins_balance.png */ = {isa = PBXFileReference; lastKnownFileType = image.png; path = popup_coins_balance.png; sourceTree = "<group>"; };
		94077B05195C420400B202E7 /* popup_coins_balance@2x.png */ = {isa = PBXFileReference; lastKnownFileType = image.png; path = "popup_coins_balance@2x.png"; sourceTree = "<group>"; };
		94077B06195C420400B202E7 /* s_aniways_ebp_accessories_button.png */ = {isa = PBXFileReference; lastKnownFileType = image.png; path = s_aniways_ebp_accessories_button.png; sourceTree = "<group>"; };
		94077B07195C420400B202E7 /* s_aniways_ebp_accessories_button@2x.png */ = {isa = PBXFileReference; lastKnownFileType = image.png; path = "s_aniways_ebp_accessories_button@2x.png"; sourceTree = "<group>"; };
		94077B08195C420400B202E7 /* s_aniways_ebp_backspace_button.png */ = {isa = PBXFileReference; lastKnownFileType = image.png; path = s_aniways_ebp_backspace_button.png; sourceTree = "<group>"; };
		94077B09195C420400B202E7 /* s_aniways_ebp_backspace_button@2x.png */ = {isa = PBXFileReference; lastKnownFileType = image.png; path = "s_aniways_ebp_backspace_button@2x.png"; sourceTree = "<group>"; };
		94077B0A195C420400B202E7 /* s_aniways_ebp_brands_button.png */ = {isa = PBXFileReference; lastKnownFileType = image.png; path = s_aniways_ebp_brands_button.png; sourceTree = "<group>"; };
		94077B0B195C420400B202E7 /* s_aniways_ebp_brands_button@2x.png */ = {isa = PBXFileReference; lastKnownFileType = image.png; path = "s_aniways_ebp_brands_button@2x.png"; sourceTree = "<group>"; };
		94077B0C195C420400B202E7 /* s_aniways_ebp_food_and_drinks_button.png */ = {isa = PBXFileReference; lastKnownFileType = image.png; path = s_aniways_ebp_food_and_drinks_button.png; sourceTree = "<group>"; };
		94077B0D195C420400B202E7 /* s_aniways_ebp_food_and_drinks_button@2x.png */ = {isa = PBXFileReference; lastKnownFileType = image.png; path = "s_aniways_ebp_food_and_drinks_button@2x.png"; sourceTree = "<group>"; };
		94077B0E195C420400B202E7 /* s_aniways_ebp_nature_button.png */ = {isa = PBXFileReference; lastKnownFileType = image.png; path = s_aniways_ebp_nature_button.png; sourceTree = "<group>"; };
		94077B0F195C420400B202E7 /* s_aniways_ebp_nature_button@2x.png */ = {isa = PBXFileReference; lastKnownFileType = image.png; path = "s_aniways_ebp_nature_button@2x.png"; sourceTree = "<group>"; };
		94077B10195C420400B202E7 /* s_aniways_ebp_recent_button.png */ = {isa = PBXFileReference; lastKnownFileType = image.png; path = s_aniways_ebp_recent_button.png; sourceTree = "<group>"; };
		94077B11195C420400B202E7 /* s_aniways_ebp_recent_button@2x.png */ = {isa = PBXFileReference; lastKnownFileType = image.png; path = "s_aniways_ebp_recent_button@2x.png"; sourceTree = "<group>"; };
		94077B12195C420400B202E7 /* s_aniways_ebp_smileys_button.png */ = {isa = PBXFileReference; lastKnownFileType = image.png; path = s_aniways_ebp_smileys_button.png; sourceTree = "<group>"; };
		94077B13195C420400B202E7 /* s_aniways_ebp_smileys_button@2x.png */ = {isa = PBXFileReference; lastKnownFileType = image.png; path = "s_aniways_ebp_smileys_button@2x.png"; sourceTree = "<group>"; };
		94077B14195C420400B202E7 /* s_aniways_ebp_transportation_button.png */ = {isa = PBXFileReference; lastKnownFileType = image.png; path = s_aniways_ebp_transportation_button.png; sourceTree = "<group>"; };
		94077B15195C420400B202E7 /* s_aniways_ebp_transportation_button@2x.png */ = {isa = PBXFileReference; lastKnownFileType = image.png; path = "s_aniways_ebp_transportation_button@2x.png"; sourceTree = "<group>"; };
		94077B16195C420400B202E7 /* store_landscape_bg.png */ = {isa = PBXFileReference; lastKnownFileType = image.png; path = store_landscape_bg.png; sourceTree = "<group>"; };
		94077B17195C420400B202E7 /* store_landscape_bg@2x.png */ = {isa = PBXFileReference; lastKnownFileType = image.png; path = "store_landscape_bg@2x.png"; sourceTree = "<group>"; };
		94077B18195C420400B202E7 /* store_portrait_bg.png */ = {isa = PBXFileReference; lastKnownFileType = image.png; path = store_portrait_bg.png; sourceTree = "<group>"; };
		94077B19195C420400B202E7 /* store_portrait_bg@2x.png */ = {isa = PBXFileReference; lastKnownFileType = image.png; path = "store_portrait_bg@2x.png"; sourceTree = "<group>"; };
		94077B1A195C420400B202E7 /* store_x.png */ = {isa = PBXFileReference; lastKnownFileType = image.png; path = store_x.png; sourceTree = "<group>"; };
		94077B1B195C420400B202E7 /* store_x@2x.png */ = {isa = PBXFileReference; lastKnownFileType = image.png; path = "store_x@2x.png"; sourceTree = "<group>"; };
		94077B1C195C420400B202E7 /* tutorial_bottom_left.png */ = {isa = PBXFileReference; lastKnownFileType = image.png; path = tutorial_bottom_left.png; sourceTree = "<group>"; };
		94077B1D195C420400B202E7 /* tutorial_bottom_left@2x.png */ = {isa = PBXFileReference; lastKnownFileType = image.png; path = "tutorial_bottom_left@2x.png"; sourceTree = "<group>"; };
		94077B1E195C420400B202E7 /* tutorial_bottom_right.png */ = {isa = PBXFileReference; lastKnownFileType = image.png; path = tutorial_bottom_right.png; sourceTree = "<group>"; };
		94077B1F195C420400B202E7 /* tutorial_bottom_right@2x.png */ = {isa = PBXFileReference; lastKnownFileType = image.png; path = "tutorial_bottom_right@2x.png"; sourceTree = "<group>"; };
		94077B20195C420400B202E7 /* tutorial_top_left.png */ = {isa = PBXFileReference; lastKnownFileType = image.png; path = tutorial_top_left.png; sourceTree = "<group>"; };
		94077B21195C420400B202E7 /* tutorial_top_left@2x.png */ = {isa = PBXFileReference; lastKnownFileType = image.png; path = "tutorial_top_left@2x.png"; sourceTree = "<group>"; };
		94077B22195C420400B202E7 /* tutorial_top_right.png */ = {isa = PBXFileReference; lastKnownFileType = image.png; path = tutorial_top_right.png; sourceTree = "<group>"; };
		94077B23195C420400B202E7 /* tutorial_top_right@2x.png */ = {isa = PBXFileReference; lastKnownFileType = image.png; path = "tutorial_top_right@2x.png"; sourceTree = "<group>"; };
		94077B24195C420400B202E7 /* tutorial_x.png */ = {isa = PBXFileReference; lastKnownFileType = image.png; path = tutorial_x.png; sourceTree = "<group>"; };
		94077B25195C420400B202E7 /* tutorial_x@2x.png */ = {isa = PBXFileReference; lastKnownFileType = image.png; path = "tutorial_x@2x.png"; sourceTree = "<group>"; };
		94077B26195C420400B202E7 /* tutorial_x_no_border@2x.png */ = {isa = PBXFileReference; lastKnownFileType = image.png; path = "tutorial_x_no_border@2x.png"; sourceTree = "<group>"; };
		94077B27195C420400B202E7 /* unlock.m4a */ = {isa = PBXFileReference; lastKnownFileType = file; path = unlock.m4a; sourceTree = "<group>"; };
		94077B74195C422500B202E7 /* QuartzCore.framework */ = {isa = PBXFileReference; lastKnownFileType = wrapper.framework; name = QuartzCore.framework; path = System/Library/Frameworks/QuartzCore.framework; sourceTree = SDKROOT; };
		94077B76195C423000B202E7 /* Accelerate.framework */ = {isa = PBXFileReference; lastKnownFileType = wrapper.framework; name = Accelerate.framework; path = System/Library/Frameworks/Accelerate.framework; sourceTree = SDKROOT; };
		94077B78195C424200B202E7 /* libz.dylib */ = {isa = PBXFileReference; lastKnownFileType = "compiled.mach-o.dylib"; name = libz.dylib; path = usr/lib/libz.dylib; sourceTree = SDKROOT; };
		94077B7A195C424D00B202E7 /* CoreLocation.framework */ = {isa = PBXFileReference; lastKnownFileType = wrapper.framework; name = CoreLocation.framework; path = System/Library/Frameworks/CoreLocation.framework; sourceTree = SDKROOT; };
		94077B7D195C427100B202E7 /* MobileCoreServices.framework */ = {isa = PBXFileReference; lastKnownFileType = wrapper.framework; name = MobileCoreServices.framework; path = System/Library/Frameworks/MobileCoreServices.framework; sourceTree = SDKROOT; };
		94077B7F195C43C600B202E7 /* StoreKit.framework */ = {isa = PBXFileReference; lastKnownFileType = wrapper.framework; name = StoreKit.framework; path = System/Library/Frameworks/StoreKit.framework; sourceTree = SDKROOT; };
		94077B81195C43DE00B202E7 /* CoreTelephony.framework */ = {isa = PBXFileReference; lastKnownFileType = wrapper.framework; name = CoreTelephony.framework; path = System/Library/Frameworks/CoreTelephony.framework; sourceTree = SDKROOT; };
		94077B83195C4CEC00B202E7 /* keyboard_icon_button@2x.png */ = {isa = PBXFileReference; lastKnownFileType = image.png; name = "keyboard_icon_button@2x.png"; path = "SinchIM/Resources/keyboard_icon_button@2x.png"; sourceTree = "<group>"; };
		94077B84195C4CEC00B202E7 /* smiley_icons_button@2x.png */ = {isa = PBXFileReference; lastKnownFileType = image.png; name = "smiley_icons_button@2x.png"; path = "SinchIM/Resources/smiley_icons_button@2x.png"; sourceTree = "<group>"; };
		CF04B59717BBD35F00026D30 /* libsqlite3.dylib */ = {isa = PBXFileReference; lastKnownFileType = "compiled.mach-o.dylib"; name = libsqlite3.dylib; path = usr/lib/libsqlite3.dylib; sourceTree = SDKROOT; };
		CF0C0BAB1668C5CF00ABA260 /* AppDelegate+UI.h */ = {isa = PBXFileReference; fileEncoding = 4; lastKnownFileType = sourcecode.c.h; name = "AppDelegate+UI.h"; path = "SinchIM/AppDelegate+UI.h"; sourceTree = "<group>"; };
		CF0C0BAC1668C5CF00ABA260 /* AppDelegate+UI.m */ = {isa = PBXFileReference; fileEncoding = 4; lastKnownFileType = sourcecode.c.objc; name = "AppDelegate+UI.m"; path = "SinchIM/AppDelegate+UI.m"; sourceTree = "<group>"; };
		CF2B32751664EF6A0024D977 /* SinchIM.app */ = {isa = PBXFileReference; explicitFileType = wrapper.application; includeInIndex = 0; path = SinchIM.app; sourceTree = BUILT_PRODUCTS_DIR; };
		CF2B32791664EF6A0024D977 /* UIKit.framework */ = {isa = PBXFileReference; lastKnownFileType = wrapper.framework; name = UIKit.framework; path = System/Library/Frameworks/UIKit.framework; sourceTree = SDKROOT; };
		CF2B327B1664EF6A0024D977 /* Foundation.framework */ = {isa = PBXFileReference; lastKnownFileType = wrapper.framework; name = Foundation.framework; path = System/Library/Frameworks/Foundation.framework; sourceTree = SDKROOT; };
		CF2B327D1664EF6A0024D977 /* AVFoundation.framework */ = {isa = PBXFileReference; lastKnownFileType = wrapper.framework; name = AVFoundation.framework; path = System/Library/Frameworks/AVFoundation.framework; sourceTree = SDKROOT; };
		CF2B327F1664EF6A0024D977 /* AudioToolbox.framework */ = {isa = PBXFileReference; lastKnownFileType = wrapper.framework; name = AudioToolbox.framework; path = System/Library/Frameworks/AudioToolbox.framework; sourceTree = SDKROOT; };
		CF2B32811664EF6A0024D977 /* Security.framework */ = {isa = PBXFileReference; lastKnownFileType = wrapper.framework; name = Security.framework; path = System/Library/Frameworks/Security.framework; sourceTree = SDKROOT; };
		CF2B329A1664EF6A0024D977 /* Prefix.pch */ = {isa = PBXFileReference; lastKnownFileType = sourcecode.c.h; name = Prefix.pch; path = SinchIM/Prefix.pch; sourceTree = "<group>"; };
		CF2B329D1664EF6A0024D977 /* AppDelegate.h */ = {isa = PBXFileReference; lastKnownFileType = sourcecode.c.h; name = AppDelegate.h; path = SinchIM/AppDelegate.h; sourceTree = "<group>"; };
		CF2B32A01664EF6A0024D977 /* MainViewController.h */ = {isa = PBXFileReference; lastKnownFileType = sourcecode.c.h; name = MainViewController.h; path = SinchIM/MainViewController.h; sourceTree = "<group>"; };
		CF2B32A11664EF6A0024D977 /* MainViewController.m */ = {isa = PBXFileReference; lastKnownFileType = sourcecode.c.objc; name = MainViewController.m; path = SinchIM/MainViewController.m; sourceTree = "<group>"; };
		CF2B32A51664EF6A0024D977 /* Info.plist */ = {isa = PBXFileReference; lastKnownFileType = text.plist.xml; name = Info.plist; path = SinchIM/Resources/Info.plist; sourceTree = "<group>"; };
		CF534B67166F823C00B384DA /* SystemConfiguration.framework */ = {isa = PBXFileReference; lastKnownFileType = wrapper.framework; name = SystemConfiguration.framework; path = System/Library/Frameworks/SystemConfiguration.framework; sourceTree = SDKROOT; };
		CF534B69166F825B00B384DA /* CFNetwork.framework */ = {isa = PBXFileReference; lastKnownFileType = wrapper.framework; name = CFNetwork.framework; path = System/Library/Frameworks/CFNetwork.framework; sourceTree = SDKROOT; };
		CF742B6B16681EE400D9897B /* MainViewController+UI.m */ = {isa = PBXFileReference; fileEncoding = 4; lastKnownFileType = sourcecode.c.objc; name = "MainViewController+UI.m"; path = "SinchIM/MainViewController+UI.m"; sourceTree = "<group>"; };
		CF816CCA166D5FF400FEF7D2 /* CoreGraphics.framework */ = {isa = PBXFileReference; lastKnownFileType = wrapper.framework; name = CoreGraphics.framework; path = System/Library/Frameworks/CoreGraphics.framework; sourceTree = SDKROOT; };
/* End PBXFileReference section */

/* Begin PBXFrameworksBuildPhase section */
		CF2B32721664EF6A0024D977 /* Frameworks */ = {
			isa = PBXFrameworksBuildPhase;
			buildActionMask = 2147483647;
			files = (
				94077B82195C43DE00B202E7 /* CoreTelephony.framework in Frameworks */,
				CF2B32821664EF6A0024D977 /* Security.framework in Frameworks */,
				CF2B327E1664EF6A0024D977 /* AVFoundation.framework in Frameworks */,
				94077B80195C43C600B202E7 /* StoreKit.framework in Frameworks */,
				94077B7E195C427100B202E7 /* MobileCoreServices.framework in Frameworks */,
				94077B7C195C425400B202E7 /* CFNetwork.framework in Frameworks */,
				94077B7B195C424D00B202E7 /* CoreLocation.framework in Frameworks */,
				94077B79195C424200B202E7 /* libz.dylib in Frameworks */,
				94077B77195C423000B202E7 /* Accelerate.framework in Frameworks */,
				94077B75195C422500B202E7 /* QuartzCore.framework in Frameworks */,
				CF04B59817BBD35F00026D30 /* libsqlite3.dylib in Frameworks */,
				CF534B6B166F827400B384DA /* SystemConfiguration.framework in Frameworks */,
				CF2B327A1664EF6A0024D977 /* UIKit.framework in Frameworks */,
				94077B28195C420400B202E7 /* Aniways.framework in Frameworks */,
				CF2B327C1664EF6A0024D977 /* Foundation.framework in Frameworks */,
				CF2B32801664EF6A0024D977 /* AudioToolbox.framework in Frameworks */,
				94077AD6195C37F900B202E7 /* Sinch.framework in Frameworks */,
				CF816CCB166D5FF400FEF7D2 /* CoreGraphics.framework in Frameworks */,
			);
			runOnlyForDeploymentPostprocessing = 0;
		};
/* End PBXFrameworksBuildPhase section */

/* Begin PBXGroup section */
		94077ADA195C420400B202E7 /* Aniways.embeddedframework */ = {
			isa = PBXGroup;
			children = (
				94077ADB195C420400B202E7 /* Aniways.framework */,
				94077ADC195C420400B202E7 /* Resources */,
			);
			path = Aniways.embeddedframework;
			sourceTree = "<group>";
		};
		94077ADC195C420400B202E7 /* Resources */ = {
			isa = PBXGroup;
			children = (
				94077ADD195C420400B202E7 /* aniways_ebp_bg_n_tab.png */,
				94077ADE195C420400B202E7 /* aniways_ebp_bg_n_tab@2x.png */,
				94077ADF195C420400B202E7 /* aniways_ebp_bg_s_tab.png */,
				94077AE0195C420400B202E7 /* aniways_ebp_bg_s_tab@2x.png */,
				94077AE1195C420400B202E7 /* aniways_ebp_bg_seperator.png */,
				94077AE2195C420400B202E7 /* aniways_ebp_bg_seperator@2x.png */,
				94077AE3195C420400B202E7 /* AniwaysConfiguration.plist */,
				94077AE4195C420400B202E7 /* AniwaysInternalConfiguration.plist */,
				94077AE5195C420400B202E7 /* cash_register.m4a */,
				94077AE6195C420400B202E7 /* coin_lock.png */,
				94077AE7195C420400B202E7 /* coin_lock@2x.png */,
				94077AE8195C420400B202E7 /* coins.100.png */,
				94077AE9195C420400B202E7 /* coins.1000.png */,
				94077AEA195C420400B202E7 /* coins.1000@2x.png */,
				94077AEB195C420400B202E7 /* coins.100@2x.png */,
				94077AEC195C420400B202E7 /* coins.2000.png */,
				94077AED195C420400B202E7 /* coins.2000@2x.png */,
				94077AEE195C420400B202E7 /* coins.250.png */,
				94077AEF195C420400B202E7 /* coins.250@2x.png */,
				94077AF0195C420400B202E7 /* coins.3000.png */,
				94077AF1195C420400B202E7 /* coins.3000@2x.png */,
				94077AF2195C420400B202E7 /* coins.500.png */,
				94077AF3195C420400B202E7 /* coins.500@2x.png */,
				94077AF4195C420400B202E7 /* n_aniways_ebp_accessories_button.png */,
				94077AF5195C420400B202E7 /* n_aniways_ebp_accessories_button@2x.png */,
				94077AF6195C420400B202E7 /* n_aniways_ebp_backspace_button.png */,
				94077AF7195C420400B202E7 /* n_aniways_ebp_backspace_button@2x.png */,
				94077AF8195C420400B202E7 /* n_aniways_ebp_brands_button.png */,
				94077AF9195C420400B202E7 /* n_aniways_ebp_brands_button@2x.png */,
				94077AFA195C420400B202E7 /* n_aniways_ebp_food_and_drinks_button.png */,
				94077AFB195C420400B202E7 /* n_aniways_ebp_food_and_drinks_button@2x.png */,
				94077AFC195C420400B202E7 /* n_aniways_ebp_nature_button.png */,
				94077AFD195C420400B202E7 /* n_aniways_ebp_nature_button@2x.png */,
				94077AFE195C420400B202E7 /* n_aniways_ebp_recent_button.png */,
				94077AFF195C420400B202E7 /* n_aniways_ebp_recent_button@2x.png */,
				94077B00195C420400B202E7 /* n_aniways_ebp_smileys_button.png */,
				94077B01195C420400B202E7 /* n_aniways_ebp_smileys_button@2x.png */,
				94077B02195C420400B202E7 /* n_aniways_ebp_transportation_button.png */,
				94077B03195C420400B202E7 /* n_aniways_ebp_transportation_button@2x.png */,
				94077B04195C420400B202E7 /* popup_coins_balance.png */,
				94077B05195C420400B202E7 /* popup_coins_balance@2x.png */,
				94077B06195C420400B202E7 /* s_aniways_ebp_accessories_button.png */,
				94077B07195C420400B202E7 /* s_aniways_ebp_accessories_button@2x.png */,
				94077B08195C420400B202E7 /* s_aniways_ebp_backspace_button.png */,
				94077B09195C420400B202E7 /* s_aniways_ebp_backspace_button@2x.png */,
				94077B0A195C420400B202E7 /* s_aniways_ebp_brands_button.png */,
				94077B0B195C420400B202E7 /* s_aniways_ebp_brands_button@2x.png */,
				94077B0C195C420400B202E7 /* s_aniways_ebp_food_and_drinks_button.png */,
				94077B0D195C420400B202E7 /* s_aniways_ebp_food_and_drinks_button@2x.png */,
				94077B0E195C420400B202E7 /* s_aniways_ebp_nature_button.png */,
				94077B0F195C420400B202E7 /* s_aniways_ebp_nature_button@2x.png */,
				94077B10195C420400B202E7 /* s_aniways_ebp_recent_button.png */,
				94077B11195C420400B202E7 /* s_aniways_ebp_recent_button@2x.png */,
				94077B12195C420400B202E7 /* s_aniways_ebp_smileys_button.png */,
				94077B13195C420400B202E7 /* s_aniways_ebp_smileys_button@2x.png */,
				94077B14195C420400B202E7 /* s_aniways_ebp_transportation_button.png */,
				94077B15195C420400B202E7 /* s_aniways_ebp_transportation_button@2x.png */,
				94077B16195C420400B202E7 /* store_landscape_bg.png */,
				94077B17195C420400B202E7 /* store_landscape_bg@2x.png */,
				94077B18195C420400B202E7 /* store_portrait_bg.png */,
				94077B19195C420400B202E7 /* store_portrait_bg@2x.png */,
				94077B1A195C420400B202E7 /* store_x.png */,
				94077B1B195C420400B202E7 /* store_x@2x.png */,
				94077B1C195C420400B202E7 /* tutorial_bottom_left.png */,
				94077B1D195C420400B202E7 /* tutorial_bottom_left@2x.png */,
				94077B1E195C420400B202E7 /* tutorial_bottom_right.png */,
				94077B1F195C420400B202E7 /* tutorial_bottom_right@2x.png */,
				94077B20195C420400B202E7 /* tutorial_top_left.png */,
				94077B21195C420400B202E7 /* tutorial_top_left@2x.png */,
				94077B22195C420400B202E7 /* tutorial_top_right.png */,
				94077B23195C420400B202E7 /* tutorial_top_right@2x.png */,
				94077B24195C420400B202E7 /* tutorial_x.png */,
				94077B25195C420400B202E7 /* tutorial_x@2x.png */,
				94077B26195C420400B202E7 /* tutorial_x_no_border@2x.png */,
				94077B27195C420400B202E7 /* unlock.m4a */,
			);
			path = Resources;
			sourceTree = "<group>";
		};
		CF2B326A1664EF6A0024D977 = {
			isa = PBXGroup;
			children = (
				CF2B32831664EF6A0024D977 /* SinchIM */,
				CF2B32781664EF6A0024D977 /* Frameworks */,
				CF2B32761664EF6A0024D977 /* Products */,
			);
			indentWidth = 4;
			sourceTree = "<group>";
			tabWidth = 4;
			usesTabs = 0;
		};
		CF2B32761664EF6A0024D977 /* Products */ = {
			isa = PBXGroup;
			children = (
				CF2B32751664EF6A0024D977 /* SinchIM.app */,
			);
			name = Products;
			sourceTree = "<group>";
		};
		CF2B32781664EF6A0024D977 /* Frameworks */ = {
			isa = PBXGroup;
			children = (
				94077B81195C43DE00B202E7 /* CoreTelephony.framework */,
				94077B7F195C43C600B202E7 /* StoreKit.framework */,
				94077B7D195C427100B202E7 /* MobileCoreServices.framework */,
				94077B7A195C424D00B202E7 /* CoreLocation.framework */,
				94077B78195C424200B202E7 /* libz.dylib */,
				94077B76195C423000B202E7 /* Accelerate.framework */,
				94077B74195C422500B202E7 /* QuartzCore.framework */,
				94077ADA195C420400B202E7 /* Aniways.embeddedframework */,
				94077AD5195C37F900B202E7 /* Sinch.framework */,
				CF04B59717BBD35F00026D30 /* libsqlite3.dylib */,
				CF2B32791664EF6A0024D977 /* UIKit.framework */,
				CF2B327B1664EF6A0024D977 /* Foundation.framework */,
				CF2B327D1664EF6A0024D977 /* AVFoundation.framework */,
				CF816CCA166D5FF400FEF7D2 /* CoreGraphics.framework */,
				CF2B327F1664EF6A0024D977 /* AudioToolbox.framework */,
				CF534B69166F825B00B384DA /* CFNetwork.framework */,
				CF534B67166F823C00B384DA /* SystemConfiguration.framework */,
				CF2B32811664EF6A0024D977 /* Security.framework */,
			);
			name = Frameworks;
			sourceTree = "<group>";
		};
		CF2B32831664EF6A0024D977 /* SinchIM */ = {
			isa = PBXGroup;
			children = (
				906933751861FE960036DB57 /* AppDelegate.m */,
				CF2B329D1664EF6A0024D977 /* AppDelegate.h */,
				9008EEB81910CE6600753FA8 /* LoginViewController.h */,
				9008EEB91910CE6600753FA8 /* LoginViewController.m */,
				CF2B32A01664EF6A0024D977 /* MainViewController.h */,
				CF2B32A11664EF6A0024D977 /* MainViewController.m */,
				90E90724187D530100E1E98F /* MessageTableViewCell.h */,
				90E90725187D530100E1E98F /* MessageTableViewCell.m */,
				CFAE8CDE17CCB003006BDD66 /* UI extras */,
				CF2B32841664EF6A0024D977 /* Resources */,
				90FD140F1863182C0075C90E /* Images.xcassets */,
				CF2B32991664EF6A0024D977 /* Supporting Files */,
			);
			name = SinchIM;
			sourceTree = "<group>";
		};
		CF2B32841664EF6A0024D977 /* Resources */ = {
			isa = PBXGroup;
			children = (
				90E90726187D530100E1E98F /* OutgoingMessageCell.xib */,
				90E9071E187D52F700E1E98F /* IncomingMessageCell.xib */,
				90E3BB761862004A00A44E1C /* MainStoryBoard.storyboard */,
				CF2B32A51664EF6A0024D977 /* Info.plist */,
				CF2B32F41665076A0024D977 /* images */,
			);
			name = Resources;
			sourceTree = "<group>";
		};
		CF2B32991664EF6A0024D977 /* Supporting Files */ = {
			isa = PBXGroup;
			children = (
				906933731861FE470036DB57 /* main.m */,
				CF2B329A1664EF6A0024D977 /* Prefix.pch */,
			);
			name = "Supporting Files";
			sourceTree = "<group>";
		};
		CF2B32F41665076A0024D977 /* images */ = {
			isa = PBXGroup;
			children = (
				94077B83195C4CEC00B202E7 /* keyboard_icon_button@2x.png */,
				94077B84195C4CEC00B202E7 /* smiley_icons_button@2x.png */,
				80DB7D8E1918BBF2007BD221 /* bg_shadow@2x.png */,
				80DB7D911918BBF2007BD221 /* dropshadow_bottom.png */,
				80DB7D921918BBF2007BD221 /* dropshadow_top.png */,
				80DB7D931918BBF2007BD221 /* Grey_Bubble.png */,
				80DB7D951918BBF2007BD221 /* Login_btn_normal@2x.png */,
				80DB7D961918BBF2007BD221 /* Login_btn_pressed@2x.png */,
				80DB7D971918BBF2007BD221 /* logo-297x142@2x.png */,
				80DB7D981918BBF2007BD221 /* Purple_bubble@2x.png */,
				80DB7D991918BBF2007BD221 /* send_button_normal@2x.png */,
				80DB7D9A1918BBF2007BD221 /* send_button_pressed@2x.png */,
			);
			name = images;
			sourceTree = "<group>";
		};
		CFAE8CDE17CCB003006BDD66 /* UI extras */ = {
			isa = PBXGroup;
			children = (
				CF742B6B16681EE400D9897B /* MainViewController+UI.m */,
				CF0C0BAB1668C5CF00ABA260 /* AppDelegate+UI.h */,
				CF0C0BAC1668C5CF00ABA260 /* AppDelegate+UI.m */,
				94077AD7195C3D5700B202E7 /* GCPlaceholderTextView.h */,
				94077AD8195C3D5700B202E7 /* GCPlaceholderTextView.m */,
			);
			name = "UI extras";
			sourceTree = "<group>";
		};
/* End PBXGroup section */

/* Begin PBXNativeTarget section */
		CF2B32741664EF6A0024D977 /* SinchIM */ = {
			isa = PBXNativeTarget;
			buildConfigurationList = CF2B32A81664EF6A0024D977 /* Build configuration list for PBXNativeTarget "SinchIM" */;
			buildPhases = (
				CF2B32711664EF6A0024D977 /* Sources */,
				CF2B32721664EF6A0024D977 /* Frameworks */,
				CF2B32731664EF6A0024D977 /* Resources */,
			);
			buildRules = (
			);
			dependencies = (
			);
			name = SinchIM;
			productName = SinchHelloIM;
			productReference = CF2B32751664EF6A0024D977 /* SinchIM.app */;
			productType = "com.apple.product-type.application";
		};
/* End PBXNativeTarget section */

/* Begin PBXProject section */
		CF2B326C1664EF6A0024D977 /* Project object */ = {
			isa = PBXProject;
			attributes = {
				LastUpgradeCheck = 0450;
				TargetAttributes = {
					CF2B32741664EF6A0024D977 = {
						SystemCapabilities = {
							com.apple.BackgroundModes = {
								enabled = 0;
							};
						};
					};
				};
			};
			buildConfigurationList = CF2B326F1664EF6A0024D977 /* Build configuration list for PBXProject "SinchIM" */;
			compatibilityVersion = "Xcode 3.2";
			developmentRegion = English;
			hasScannedForEncodings = 0;
			knownRegions = (
				en,
			);
			mainGroup = CF2B326A1664EF6A0024D977;
			productRefGroup = CF2B32761664EF6A0024D977 /* Products */;
			projectDirPath = "";
			projectRoot = "";
			targets = (
				CF2B32741664EF6A0024D977 /* SinchIM */,
			);
		};
/* End PBXProject section */

/* Begin PBXResourcesBuildPhase section */
		CF2B32731664EF6A0024D977 /* Resources */ = {
			isa = PBXResourcesBuildPhase;
			buildActionMask = 2147483647;
			files = (
				90E90729187D530100E1E98F /* OutgoingMessageCell.xib in Resources */,
				94077B3A195C420400B202E7 /* coins.250.png in Resources */,
				94077B4C195C420400B202E7 /* n_aniways_ebp_smileys_button.png in Resources */,
				94077B69195C420400B202E7 /* tutorial_bottom_left@2x.png in Resources */,
				94077B61195C420400B202E7 /* s_aniways_ebp_transportation_button@2x.png in Resources */,
				94077B32195C420400B202E7 /* coin_lock.png in Resources */,
				94077B68195C420400B202E7 /* tutorial_bottom_left.png in Resources */,
				94077B4D195C420400B202E7 /* n_aniways_ebp_smileys_button@2x.png in Resources */,
				94077B6C195C420400B202E7 /* tutorial_top_left.png in Resources */,
				90E90720187D52F700E1E98F /* IncomingMessageCell.xib in Resources */,
				94077B50195C420400B202E7 /* popup_coins_balance.png in Resources */,
				94077B34195C420400B202E7 /* coins.100.png in Resources */,
				94077B67195C420400B202E7 /* store_x@2x.png in Resources */,
				94077B3F195C420400B202E7 /* coins.500@2x.png in Resources */,
				80DB7D9B1918BBF2007BD221 /* bg_shadow@2x.png in Resources */,
				94077B5F195C420400B202E7 /* s_aniways_ebp_smileys_button@2x.png in Resources */,
				94077B36195C420400B202E7 /* coins.1000@2x.png in Resources */,
				90E3BB771862004A00A44E1C /* MainStoryBoard.storyboard in Resources */,
				80DB7DA31918BBF2007BD221 /* Login_btn_pressed@2x.png in Resources */,
				94077B64195C420400B202E7 /* store_portrait_bg.png in Resources */,
				94077B5C195C420400B202E7 /* s_aniways_ebp_recent_button.png in Resources */,
				94077B2F195C420400B202E7 /* AniwaysConfiguration.plist in Resources */,
				94077B59195C420400B202E7 /* s_aniways_ebp_food_and_drinks_button@2x.png in Resources */,
				94077B54195C420400B202E7 /* s_aniways_ebp_backspace_button.png in Resources */,
				94077B2D195C420400B202E7 /* aniways_ebp_bg_seperator.png in Resources */,
				94077B46195C420400B202E7 /* n_aniways_ebp_food_and_drinks_button.png in Resources */,
				94077B3E195C420400B202E7 /* coins.500.png in Resources */,
				94077B73195C420400B202E7 /* unlock.m4a in Resources */,
				94077B4B195C420400B202E7 /* n_aniways_ebp_recent_button@2x.png in Resources */,
				94077B6D195C420400B202E7 /* tutorial_top_left@2x.png in Resources */,
				94077B2A195C420400B202E7 /* aniways_ebp_bg_n_tab@2x.png in Resources */,
				94077B35195C420400B202E7 /* coins.1000.png in Resources */,
				94077B86195C4CEC00B202E7 /* smiley_icons_button@2x.png in Resources */,
				94077B4E195C420400B202E7 /* n_aniways_ebp_transportation_button.png in Resources */,
				94077B56195C420400B202E7 /* s_aniways_ebp_brands_button.png in Resources */,
				94077B43195C420400B202E7 /* n_aniways_ebp_backspace_button@2x.png in Resources */,
				94077B42195C420400B202E7 /* n_aniways_ebp_backspace_button.png in Resources */,
				94077B53195C420400B202E7 /* s_aniways_ebp_accessories_button@2x.png in Resources */,
				80DB7DA51918BBF2007BD221 /* Purple_bubble@2x.png in Resources */,
				80DB7DA71918BBF2007BD221 /* send_button_pressed@2x.png in Resources */,
				94077B62195C420400B202E7 /* store_landscape_bg.png in Resources */,
				94077B66195C420400B202E7 /* store_x.png in Resources */,
				80DB7D9F1918BBF2007BD221 /* dropshadow_top.png in Resources */,
				94077B3C195C420400B202E7 /* coins.3000.png in Resources */,
				94077B5A195C420400B202E7 /* s_aniways_ebp_nature_button.png in Resources */,
				94077B48195C420400B202E7 /* n_aniways_ebp_nature_button.png in Resources */,
				94077B47195C420400B202E7 /* n_aniways_ebp_food_and_drinks_button@2x.png in Resources */,
				94077B2B195C420400B202E7 /* aniways_ebp_bg_s_tab.png in Resources */,
				80DB7DA21918BBF2007BD221 /* Login_btn_normal@2x.png in Resources */,
				94077B51195C420400B202E7 /* popup_coins_balance@2x.png in Resources */,
				94077B37195C420400B202E7 /* coins.100@2x.png in Resources */,
				94077B40195C420400B202E7 /* n_aniways_ebp_accessories_button.png in Resources */,
				94077B4A195C420400B202E7 /* n_aniways_ebp_recent_button.png in Resources */,
				94077B6A195C420400B202E7 /* tutorial_bottom_right.png in Resources */,
				94077B6E195C420400B202E7 /* tutorial_top_right.png in Resources */,
				90FD14101863182C0075C90E /* Images.xcassets in Resources */,
				94077B58195C420400B202E7 /* s_aniways_ebp_food_and_drinks_button.png in Resources */,
				94077B85195C4CEC00B202E7 /* keyboard_icon_button@2x.png in Resources */,
				94077B3D195C420400B202E7 /* coins.3000@2x.png in Resources */,
				94077B6B195C420400B202E7 /* tutorial_bottom_right@2x.png in Resources */,
				80DB7DA01918BBF2007BD221 /* Grey_Bubble.png in Resources */,
				94077B30195C420400B202E7 /* AniwaysInternalConfiguration.plist in Resources */,
				94077B57195C420400B202E7 /* s_aniways_ebp_brands_button@2x.png in Resources */,
				94077B5B195C420400B202E7 /* s_aniways_ebp_nature_button@2x.png in Resources */,
				94077B5D195C420400B202E7 /* s_aniways_ebp_recent_button@2x.png in Resources */,
				94077B6F195C420400B202E7 /* tutorial_top_right@2x.png in Resources */,
				94077B38195C420400B202E7 /* coins.2000.png in Resources */,
				94077B70195C420400B202E7 /* tutorial_x.png in Resources */,
				94077B63195C420400B202E7 /* store_landscape_bg@2x.png in Resources */,
				94077B39195C420400B202E7 /* coins.2000@2x.png in Resources */,
				94077B44195C420400B202E7 /* n_aniways_ebp_brands_button.png in Resources */,
				80DB7D9E1918BBF2007BD221 /* dropshadow_bottom.png in Resources */,
				94077B45195C420400B202E7 /* n_aniways_ebp_brands_button@2x.png in Resources */,
				94077B31195C420400B202E7 /* cash_register.m4a in Resources */,
				94077B60195C420400B202E7 /* s_aniways_ebp_transportation_button.png in Resources */,
				80DB7DA61918BBF2007BD221 /* send_button_normal@2x.png in Resources */,
				94077B55195C420400B202E7 /* s_aniways_ebp_backspace_button@2x.png in Resources */,
				94077B4F195C420400B202E7 /* n_aniways_ebp_transportation_button@2x.png in Resources */,
				94077B5E195C420400B202E7 /* s_aniways_ebp_smileys_button.png in Resources */,
				94077B72195C420400B202E7 /* tutorial_x_no_border@2x.png in Resources */,
				94077B29195C420400B202E7 /* aniways_ebp_bg_n_tab.png in Resources */,
				94077B65195C420400B202E7 /* store_portrait_bg@2x.png in Resources */,
				94077B49195C420400B202E7 /* n_aniways_ebp_nature_button@2x.png in Resources */,
				94077B52195C420400B202E7 /* s_aniways_ebp_accessories_button.png in Resources */,
				94077B2C195C420400B202E7 /* aniways_ebp_bg_s_tab@2x.png in Resources */,
				94077B41195C420400B202E7 /* n_aniways_ebp_accessories_button@2x.png in Resources */,
				94077B2E195C420400B202E7 /* aniways_ebp_bg_seperator@2x.png in Resources */,
				94077B33195C420400B202E7 /* coin_lock@2x.png in Resources */,
				80DB7DA41918BBF2007BD221 /* logo-297x142@2x.png in Resources */,
				94077B3B195C420400B202E7 /* coins.250@2x.png in Resources */,
				94077B71195C420400B202E7 /* tutorial_x@2x.png in Resources */,
			);
			runOnlyForDeploymentPostprocessing = 0;
		};
/* End PBXResourcesBuildPhase section */

/* Begin PBXSourcesBuildPhase section */
		CF2B32711664EF6A0024D977 /* Sources */ = {
			isa = PBXSourcesBuildPhase;
			buildActionMask = 2147483647;
			files = (
				CF2B32A21664EF6A0024D977 /* MainViewController.m in Sources */,
				90E90728187D530100E1E98F /* MessageTableViewCell.m in Sources */,
				CF742B6C16681EE400D9897B /* MainViewController+UI.m in Sources */,
				906933761861FE960036DB57 /* AppDelegate.m in Sources */,
				9008EEBA1910CE6600753FA8 /* LoginViewController.m in Sources */,
				906933741861FE470036DB57 /* main.m in Sources */,
				CF0C0BAD1668C5CF00ABA260 /* AppDelegate+UI.m in Sources */,
				94077AD9195C3D5700B202E7 /* GCPlaceholderTextView.m in Sources */,
			);
			runOnlyForDeploymentPostprocessing = 0;
		};
/* End PBXSourcesBuildPhase section */

/* Begin XCBuildConfiguration section */
		CF2B32A61664EF6A0024D977 /* Debug */ = {
			isa = XCBuildConfiguration;
			buildSettings = {
				ARCHS_STANDARD = "armv7 armv7s";
				CLANG_ENABLE_OBJC_ARC = YES;
				"CODE_SIGN_IDENTITY[sdk=iphoneos*]" = "iPhone Developer";
				GCC_OPTIMIZATION_LEVEL = 0;
				GCC_PREPROCESSOR_DEFINITIONS = DEBUG;
				GCC_SYMBOLS_PRIVATE_EXTERN = NO;
				IPHONEOS_DEPLOYMENT_TARGET = 7.0;
				ONLY_ACTIVE_ARCH = YES;
				SDKROOT = iphoneos;
			};
			name = Debug;
		};
		CF2B32A71664EF6A0024D977 /* Release */ = {
			isa = XCBuildConfiguration;
			buildSettings = {
				ARCHS_STANDARD = "armv7 armv7s";
				CLANG_ENABLE_OBJC_ARC = YES;
				"CODE_SIGN_IDENTITY[sdk=iphoneos*]" = "iPhone Developer";
				GCC_PREPROCESSOR_DEFINITIONS = (
					NDEBUG,
					"NS_BLOCK_ASSERTIONS=1",
				);
				IPHONEOS_DEPLOYMENT_TARGET = 7.0;
				SDKROOT = iphoneos;
			};
			name = Release;
		};
		CF2B32A91664EF6A0024D977 /* Debug */ = {
			isa = XCBuildConfiguration;
			buildSettings = {
				ALWAYS_SEARCH_USER_PATHS = NO;
				ASSETCATALOG_COMPILER_APPICON_NAME = AppIcon;
				ASSETCATALOG_COMPILER_LAUNCHIMAGE_NAME = LaunchImage;
				COPY_PHASE_STRIP = NO;
				FRAMEWORK_SEARCH_PATHS = (
					"$(inherited)",
					"\"$(SRCROOT)/..\"",
					"$(PROJECT_DIR)",
					"$(PROJECT_DIR)/Aniways.embeddedframework",
				);
				GCC_DYNAMIC_NO_PIC = NO;
				GCC_PRECOMPILE_PREFIX_HEADER = YES;
				GCC_PREFIX_HEADER = SinchIM/Prefix.pch;
				HEADER_SEARCH_PATHS = "";
				INFOPLIST_FILE = "$(SRCROOT)/SinchIM/Resources/Info.plist";
				IPHONEOS_DEPLOYMENT_TARGET = 7.0;
				LIBRARY_SEARCH_PATHS = "$(inherited)";
				OTHER_LDFLAGS = (
					"-ObjC",
					"-Xlinker",
					"-lstdc++",
				);
				PRODUCT_NAME = SinchIM;
				WRAPPER_EXTENSION = app;
			};
			name = Debug;
		};
		CF2B32AA1664EF6A0024D977 /* Release */ = {
			isa = XCBuildConfiguration;
			buildSettings = {
				ALWAYS_SEARCH_USER_PATHS = NO;
				ASSETCATALOG_COMPILER_APPICON_NAME = AppIcon;
				ASSETCATALOG_COMPILER_LAUNCHIMAGE_NAME = LaunchImage;
				COPY_PHASE_STRIP = YES;
				FRAMEWORK_SEARCH_PATHS = (
					"$(inherited)",
					"\"$(SRCROOT)/..\"",
					"$(PROJECT_DIR)",
					"$(PROJECT_DIR)/Aniways.embeddedframework",
				);
				GCC_PRECOMPILE_PREFIX_HEADER = YES;
				GCC_PREFIX_HEADER = SinchIM/Prefix.pch;
				HEADER_SEARCH_PATHS = "";
				INFOPLIST_FILE = "$(SRCROOT)/SinchIM/Resources/Info.plist";
				IPHONEOS_DEPLOYMENT_TARGET = 7.0;
				LIBRARY_SEARCH_PATHS = "$(inherited)";
				OTHER_LDFLAGS = (
					"-ObjC",
					"-Xlinker",
					"-lstdc++",
				);
				PRODUCT_NAME = SinchIM;
				WRAPPER_EXTENSION = app;
			};
			name = Release;
		};
/* End XCBuildConfiguration section */

/* Begin XCConfigurationList section */
		CF2B326F1664EF6A0024D977 /* Build configuration list for PBXProject "SinchIM" */ = {
			isa = XCConfigurationList;
			buildConfigurations = (
				CF2B32A61664EF6A0024D977 /* Debug */,
				CF2B32A71664EF6A0024D977 /* Release */,
			);
			defaultConfigurationIsVisible = 0;
			defaultConfigurationName = Release;
		};
		CF2B32A81664EF6A0024D977 /* Build configuration list for PBXNativeTarget "SinchIM" */ = {
			isa = XCConfigurationList;
			buildConfigurations = (
				CF2B32A91664EF6A0024D977 /* Debug */,
				CF2B32AA1664EF6A0024D977 /* Release */,
			);
			defaultConfigurationIsVisible = 0;
			defaultConfigurationName = Release;
		};
/* End XCConfigurationList section */
	};
	rootObject = CF2B326C1664EF6A0024D977 /* Project object */;
}
